
Microsoft Visual Studio Solution File, Format Version 12.00
# Visual Studio 15
Project("{FAE04EC0-301F-11D3-BF4B-00C04F79EFBC}") = "UnityEngine.UI", "UnityEngine.UI.csproj", "{CB8B95A8-D31F-3069-A2FB-17B8EFBBC2FA}"
EndProject
Project("{FAE04EC0-301F-11D3-BF4B-00C04F79EFBC}") = "UnityEngine.SpatialTracking", "UnityEngine.SpatialTracking.csproj", "{250ACD7B-119D-4FE1-31E8-DD1F47DDC255}"
EndProject
Project("{FAE04EC0-301F-11D3-BF4B-00C04F79EFBC}") = "Unity.RenderPipelines.Core.Runtime", "Unity.RenderPipelines.Core.Runtime.csproj", "{049BCB6A-347A-C01E-F014-8965A3629E73}"
EndProject
Project("{FAE04EC0-301F-11D3-BF4B-00C04F79EFBC}") = "UnityEngine.TestRunner", "UnityEngine.TestRunner.csproj", "{A28BC38C-5B5E-D9E3-B1C0-492642F535BF}"
EndProject
Project("{FAE04EC0-301F-11D3-BF4B-00C04F79EFBC}") = "Unity.VisualScripting.Flow", "Unity.VisualScripting.Flow.csproj", "{AEA7C84A-E37A-39E7-C785-B1C2707C403F}"
EndProject
Project("{FAE04EC0-301F-11D3-BF4B-00C04F79EFBC}") = "Unity.XR.Interaction.Toolkit", "Unity.XR.Interaction.Toolkit.csproj", "{66DCD6E8-6030-684E-81BA-17EEF20E8B6B}"
EndProject
Project("{FAE04EC0-301F-11D3-BF4B-00C04F79EFBC}") = "Unity.Mathematics", "Unity.Mathematics.csproj", "{38D55EDD-B222-90A8-1E3C-30878768C40B}"
EndProject
Project("{FAE04EC0-301F-11D3-BF4B-00C04F79EFBC}") = "Unity.InputSystem", "Unity.InputSystem.csproj", "{4DB21D41-8474-56D3-1534-F81AB5EEF18B}"
EndProject
Project("{FAE04EC0-301F-11D3-BF4B-00C04F79EFBC}") = "Unity.VisualScripting.State", "Unity.VisualScripting.State.csproj", "{556CAF2D-6B43-9372-7182-112B1E7BEE4D}"
EndProject
Project("{FAE04EC0-301F-11D3-BF4B-00C04F79EFBC}") = "Unity.VisualScripting.Core", "Unity.VisualScripting.Core.csproj", "{A8439B8F-5D0B-BEBA-6436-08D2DD143308}"
EndProject
Project("{FAE04EC0-301F-11D3-BF4B-00C04F79EFBC}") = "UnityEngine.XR.LegacyInputHelpers", "UnityEngine.XR.LegacyInputHelpers.csproj", "{23DC6365-BD7E-D883-D3D7-13C0EF4CCABD}"
EndProject
Project("{FAE04EC0-301F-11D3-BF4B-00C04F79EFBC}") = "Unity.TextMeshPro", "Unity.TextMeshPro.csproj", "{C9F4786B-AE70-D93E-060B-5B0FA89D74FA}"
EndProject
Project("{FAE04EC0-301F-11D3-BF4B-00C04F79EFBC}") = "Unity.Timeline", "Unity.Timeline.csproj", "{C6FAEAA8-782E-A983-F018-C8CDEAA2E3BC}"
EndProject
Project("{FAE04EC0-301F-11D3-BF4B-00C04F79EFBC}") = "Unity.XR.CoreUtils", "Unity.XR.CoreUtils.csproj", "{DC86ACF4-0F13-E5DB-CD21-95857D81EA50}"
EndProject
Project("{FAE04EC0-301F-11D3-BF4B-00C04F79EFBC}") = "Unity.InputSystem.ForUI", "Unity.InputSystem.ForUI.csproj", "{DA958179-9725-E9A3-67EC-68D9C2032DA4}"
EndProject
Project("{FAE04EC0-301F-11D3-BF4B-00C04F79EFBC}") = "Unity.XR.Hands", "Unity.XR.Hands.csproj", "{E533B58A-97FA-9941-E2A7-323EAF492E2E}"
EndProject
Project("{FAE04EC0-301F-11D3-BF4B-00C04F79EFBC}") = "Assembly-CSharp", "Assembly-CSharp.csproj", "{CCB6F8C7-2261-D38F-F088-85224A02F7A4}"
EndProject
Project("{FAE04EC0-301F-11D3-BF4B-00C04F79EFBC}") = "Unity.XR.Interaction.Toolkit.Samples.Hands", "Unity.XR.Interaction.Toolkit.Samples.Hands.csproj", "{42B7518D-A1DB-856F-F036-843005A130DE}"
EndProject
Project("{FAE04EC0-301F-11D3-BF4B-00C04F79EFBC}") = "Unity.XR.Management", "Unity.XR.Management.csproj", "{227F7A18-FDF4-E443-61DE-E7F662CBD74D}"
EndProject
Project("{FAE04EC0-301F-11D3-BF4B-00C04F79EFBC}") = "Unity.XR.Interaction.Toolkit.Samples.StarterAssets", "Unity.XR.Interaction.Toolkit.Samples.StarterAssets.csproj", "{89E5B5E4-70C0-5C42-6424-5F6F5AEA3F9F}"
EndProject
Project("{FAE04EC0-301F-11D3-BF4B-00C04F79EFBC}") = "Unity.InputSystem.TestFramework", "Unity.InputSystem.TestFramework.csproj", "{DBDBD7C3-328E-F542-F73E-D83681BE22B6}"
EndProject
Project("{FAE04EC0-301F-11D3-BF4B-00C04F79EFBC}") = "Unity.XR.Interaction.Toolkit.Samples.DeviceSimulator", "Unity.XR.Interaction.Toolkit.Samples.DeviceSimulator.csproj", "{AD60887F-F1C7-1434-796A-F8AFA4B2F2E6}"
EndProject
Project("{FAE04EC0-301F-11D3-BF4B-00C04F79EFBC}") = "Unity.RenderPipelines.Core.ShaderLibrary", "Unity.RenderPipelines.Core.ShaderLibrary.csproj", "{C0E67AB7-4BE5-AB8E-B001-46CAD9FC762F}"
EndProject
Project("{FAE04EC0-301F-11D3-BF4B-00C04F79EFBC}") = "Unity.XR.MockHMD", "Unity.XR.MockHMD.csproj", "{1587023D-EDBC-396E-96D0-1B50BE01A7A5}"
EndProject
Project("{FAE04EC0-301F-11D3-BF4B-00C04F79EFBC}") = "Unity.XR.Hands.Samples.VisualizerSample", "Unity.XR.Hands.Samples.VisualizerSample.csproj", "{CA356EF1-D0FE-37C2-189F-32FD34B7DC08}"
EndProject
Project("{FAE04EC0-301F-11D3-BF4B-00C04F79EFBC}") = "Unity.RenderPipelines.ShaderGraph.ShaderGraphLibrary", "Unity.RenderPipelines.ShaderGraph.ShaderGraphLibrary.csproj", "{66071ED3-E776-BBD6-1EC9-EE7E9B0952D7}"
EndProject
Project("{FAE04EC0-301F-11D3-BF4B-00C04F79EFBC}") = "Unity.XR.OpenXR.Features.MockRuntime", "Unity.XR.OpenXR.Features.MockRuntime.csproj", "{35D77470-801A-B465-37A2-A48A27D55025}"
EndProject
Project("{FAE04EC0-301F-11D3-BF4B-00C04F79EFBC}") = "Unity.XR.OpenXR", "Unity.XR.OpenXR.csproj", "{53FF48EE-FEEC-809A-87C8-73A7EB205069}"
EndProject
Project("{FAE04EC0-301F-11D3-BF4B-00C04F79EFBC}") = "Unity.XR.OpenXR.Features.RuntimeDebugger", "Unity.XR.OpenXR.Features.RuntimeDebugger.csproj", "{30FA5046-2279-46AB-B7DF-35FBD08FFAEC}"
EndProject
Project("{FAE04EC0-301F-11D3-BF4B-00C04F79EFBC}") = "Unity.XR.OpenXR.Features.ConformanceAutomation", "Unity.XR.OpenXR.Features.ConformanceAutomation.csproj", "{AF041EF9-130E-B16E-8CD7-84217AA4F700}"
EndProject
Project("{FAE04EC0-301F-11D3-BF4B-00C04F79EFBC}") = "Unity.XR.OpenXR.Features.OculusQuestSupport", "Unity.XR.OpenXR.Features.OculusQuestSupport.csproj", "{D3FC4D6A-59D8-ECEE-C01E-385C24DBE0AF}"
EndProject
Project("{FAE04EC0-301F-11D3-BF4B-00C04F79EFBC}") = "Unity.XR.OpenXR.Features.MetaQuestSupport", "Unity.XR.OpenXR.Features.MetaQuestSupport.csproj", "{3FC3A398-1FDE-DCCF-366C-20B2BC959AC7}"
EndProject
Project("{FAE04EC0-301F-11D3-BF4B-00C04F79EFBC}") = "Unity.VisualScripting.Core.Editor", "Unity.VisualScripting.Core.Editor.csproj", "{0EA9E694-E7B8-C7BC-9107-8B031962848D}"
EndProject
Project("{FAE04EC0-301F-11D3-BF4B-00C04F79EFBC}") = "Unity.PlasticSCM.Editor", "Unity.PlasticSCM.Editor.csproj", "{87CC22E5-9B7B-9F6B-D4CC-356C5E840626}"
EndProject
Project("{FAE04EC0-301F-11D3-BF4B-00C04F79EFBC}") = "Unity.VisualScripting.Flow.Editor", "Unity.VisualScripting.Flow.Editor.csproj", "{974693B6-B48C-23F7-CFA6-F506ECAAA619}"
EndProject
Project("{FAE04EC0-301F-11D3-BF4B-00C04F79EFBC}") = "Unity.ShaderGraph.Editor", "Unity.ShaderGraph.Editor.csproj", "{C88C41F0-06F0-6157-5204-B59A3CC6BF6A}"
EndProject
Project("{FAE04EC0-301F-11D3-BF4B-00C04F79EFBC}") = "Unity.VisualStudio.Editor", "Unity.VisualStudio.Editor.csproj", "{72A31204-A94C-7CDB-D4D2-B77F07580CC0}"
EndProject
Project("{FAE04EC0-301F-11D3-BF4B-00C04F79EFBC}") = "Unity.Timeline.Editor", "Unity.Timeline.Editor.csproj", "{04153C1B-B93E-E672-9638-8EEBA7524B0B}"
EndProject
Project("{FAE04EC0-301F-11D3-BF4B-00C04F79EFBC}") = "Unity.VisualScripting.State.Editor", "Unity.VisualScripting.State.Editor.csproj", "{84D22F17-0ACF-FE5C-3AD6-74F80B709A73}"
EndProject
Project("{FAE04EC0-301F-11D3-BF4B-00C04F79EFBC}") = "Unity.TextMeshPro.Editor", "Unity.TextMeshPro.Editor.csproj", "{310D1B61-AC50-4EFC-CCDF-78A2843B7923}"
EndProject
Project("{FAE04EC0-301F-11D3-BF4B-00C04F79EFBC}") = "Unity.RenderPipelines.Core.Editor", "Unity.RenderPipelines.Core.Editor.csproj", "{839E72F5-4905-DF7F-B3DA-4726D5BEDBC0}"
EndProject
Project("{FAE04EC0-301F-11D3-BF4B-00C04F79EFBC}") = "Unity.XR.Interaction.Toolkit.Editor", "Unity.XR.Interaction.Toolkit.Editor.csproj", "{846911B7-2202-7AF3-C0CF-F072FA0D8479}"
EndProject
Project("{FAE04EC0-301F-11D3-BF4B-00C04F79EFBC}") = "Unity.VisualScripting.SettingsProvider.Editor", "Unity.VisualScripting.SettingsProvider.Editor.csproj", "{C517DA9A-D72E-9C74-5F96-832690D33644}"
EndProject
Project("{FAE04EC0-301F-11D3-BF4B-00C04F79EFBC}") = "UnityEditor.TestRunner", "UnityEditor.TestRunner.csproj", "{4E285DA8-F612-AD1C-9F48-0A592E07F7F1}"
EndProject
Project("{FAE04EC0-301F-11D3-BF4B-00C04F79EFBC}") = "Unity.TestTools.CodeCoverage.Editor", "Unity.TestTools.CodeCoverage.Editor.csproj", "{770F4BC7-B81A-9375-C710-85765C18F85E}"
EndProject
Project("{FAE04EC0-301F-11D3-BF4B-00C04F79EFBC}") = "Unity.Rider.Editor", "Unity.Rider.Editor.csproj", "{3021FC29-73AE-D990-5302-68B408FB3C04}"
EndProject
Project("{FAE04EC0-301F-11D3-BF4B-00C04F79EFBC}") = "Unity.XR.CoreUtils.Editor", "Unity.XR.CoreUtils.Editor.csproj", "{FA8E00BA-E5E5-5D83-DEEE-DD63C6C9E577}"
EndProject
Project("{FAE04EC0-301F-11D3-BF4B-00C04F79EFBC}") = "Unity.Performance.Profile-Analyzer.Editor", "Unity.Performance.Profile-Analyzer.Editor.csproj", "{C415C3BA-7E99-7E0B-59A6-E1F5F759456A}"
EndProject
Project("{FAE04EC0-301F-11D3-BF4B-00C04F79EFBC}") = "Unity.XR.Hands.Editor", "Unity.XR.Hands.Editor.csproj", "{E9F37071-8EB2-5C4A-2DFB-9384893C941A}"
EndProject
Project("{FAE04EC0-301F-11D3-BF4B-00C04F79EFBC}") = "Unity.XR.Management.Samples", "Unity.XR.Management.Samples.csproj", "{40AF2DA2-C90B-AD0A-44AA-56BD242CB238}"
EndProject
Project("{FAE04EC0-301F-11D3-BF4B-00C04F79EFBC}") = "Unity.Searcher.Editor", "Unity.Searcher.Editor.csproj", "{03B2E350-6FA4-AA23-975D-D1F1FCE46F93}"
EndProject
Project("{FAE04EC0-301F-11D3-BF4B-00C04F79EFBC}") = "Unity.XR.Management.Editor", "Unity.XR.Management.Editor.csproj", "{A015A98A-8C4C-6B3E-2D8C-7F2350315A67}"
EndProject
Project("{FAE04EC0-301F-11D3-BF4B-00C04F79EFBC}") = "Unity.VSCode.Editor", "Unity.VSCode.Editor.csproj", "{585E2282-F365-1CAD-0153-68E6048D3E58}"
EndProject
Project("{FAE04EC0-301F-11D3-BF4B-00C04F79EFBC}") = "UnityEditor.UI", "UnityEditor.UI.csproj", "{D88A0F31-906A-A478-EC3F-94F21959EF17}"
EndProject
Project("{FAE04EC0-301F-11D3-BF4B-00C04F79EFBC}") = "Unity.TestTools.CodeCoverage.Editor.OpenCover.Model", "Unity.TestTools.CodeCoverage.Editor.OpenCover.Model.csproj", "{F0BCAF71-9F15-A28D-50C3-965901B30148}"
EndProject
Project("{FAE04EC0-301F-11D3-BF4B-00C04F79EFBC}") = "Unity.EditorCoroutines.Editor", "Unity.EditorCoroutines.Editor.csproj", "{70CB2E04-A178-D2BC-B521-DA9E6071D735}"
EndProject
Project("{FAE04EC0-301F-11D3-BF4B-00C04F79EFBC}") = "Unity.Settings.Editor", "Unity.Settings.Editor.csproj", "{A7129AEE-9CE7-E9EB-6C21-1B1E0020EF39}"
EndProject
Project("{FAE04EC0-301F-11D3-BF4B-00C04F79EFBC}") = "UnityEditor.SpatialTracking", "UnityEditor.SpatialTracking.csproj", "{AE077754-E0AD-266C-6A40-1D37C0260F6B}"
EndProject
Project("{FAE04EC0-301F-11D3-BF4B-00C04F79EFBC}") = "Unity.CollabProxy.Editor", "Unity.CollabProxy.Editor.csproj", "{A329A451-AF44-C9A7-2727-CEE79B769197}"
EndProject
Project("{FAE04EC0-301F-11D3-BF4B-00C04F79EFBC}") = "Unity.XR.MockHMD.Editor", "Unity.XR.MockHMD.Editor.csproj", "{9CD367FE-1C40-9A95-84AB-4F1DCD93190C}"
EndProject
Project("{FAE04EC0-301F-11D3-BF4B-00C04F79EFBC}") = "Unity.Mathematics.Editor", "Unity.Mathematics.Editor.csproj", "{A6A221E1-B8FD-553C-06CF-785EF1B2FEC0}"
EndProject
Project("{FAE04EC0-301F-11D3-BF4B-00C04F79EFBC}") = "UnityEditor.XR.LegacyInputHelpers", "UnityEditor.XR.LegacyInputHelpers.csproj", "{2EB07DF5-D79E-A982-CAB9-8628DF01E55A}"
EndProject
Project("{FAE04EC0-301F-11D3-BF4B-00C04F79EFBC}") = "Unity.XR.Management.Samples.Editor", "Unity.XR.Management.Samples.Editor.csproj", "{325C2694-86E9-5B26-AB1B-56FC74650CCB}"
EndProject
Project("{FAE04EC0-301F-11D3-BF4B-00C04F79EFBC}") = "Unity.XR.Interaction.Toolkit.Samples.Hands.Editor", "Unity.XR.Interaction.Toolkit.Samples.Hands.Editor.csproj", "{E88EE1E1-3963-0D6A-2BCE-9375A515238E}"
EndProject
Project("{FAE04EC0-301F-11D3-BF4B-00C04F79EFBC}") = "Unity.ShaderGraph.Utilities", "Unity.ShaderGraph.Utilities.csproj", "{56342059-AB7C-851C-3F91-6CD68BF0F508}"
EndProject
Project("{FAE04EC0-301F-11D3-BF4B-00C04F79EFBC}") = "Unity.TestTools.CodeCoverage.Editor.OpenCover.Mono.Reflection", "Unity.TestTools.CodeCoverage.Editor.OpenCover.Mono.Reflection.csproj", "{A79CB5BC-FDAC-8903-41D7-8A69D7AC016D}"
EndProject
Project("{FAE04EC0-301F-11D3-BF4B-00C04F79EFBC}") = "Unity.VisualScripting.Shared.Editor", "Unity.VisualScripting.Shared.Editor.csproj", "{E93325E3-EE14-DC93-C7D5-D44CFDAB689C}"
EndProject
Project("{FAE04EC0-301F-11D3-BF4B-00C04F79EFBC}") = "Unity.XR.Interaction.Toolkit.Samples.StarterAssets.Editor", "Unity.XR.Interaction.Toolkit.Samples.StarterAssets.Editor.csproj", "{7C681D65-CCA9-374B-9953-E9B3B02633B9}"
EndProject
Project("{FAE04EC0-301F-11D3-BF4B-00C04F79EFBC}") = "Unity.XR.OpenXR.Editor", "Unity.XR.OpenXR.Editor.csproj", "{3F5C9BC2-5065-0AF5-DC9E-52A6849B23A5}"
EndProject
Project("{FAE04EC0-301F-11D3-BF4B-00C04F79EFBC}") = "Unity.XR.OpenXR.Features.RuntimeDebugger.Editor", "Unity.XR.OpenXR.Features.RuntimeDebugger.Editor.csproj", "{EDAD13F1-8C9D-4334-FC25-1B009EA46924}"
EndProject
Project("{FAE04EC0-301F-11D3-BF4B-00C04F79EFBC}") = "Unity.XR.OpenXR.Features.OculusQuestSupport.Editor", "Unity.XR.OpenXR.Features.OculusQuestSupport.Editor.csproj", "{DA09A703-6BCC-5407-3E11-67ADE39D6960}"
EndProject
Project("{FAE04EC0-301F-11D3-BF4B-00C04F79EFBC}") = "Unity.XR.OpenXR.Features.MetaQuestSupport.Editor", "Unity.XR.OpenXR.Features.MetaQuestSupport.Editor.csproj", "{5CA8E626-7C61-B50D-D79F-5B87B24B3A70}"
EndProject
Global
	GlobalSection(SolutionConfigurationPlatforms) = preSolution
		Debug|Any CPU = Debug|Any CPU
		Release|Any CPU = Release|Any CPU
	EndGlobalSection
	GlobalSection(ProjectConfigurationPlatforms) = postSolution
		{CB8B95A8-D31F-3069-A2FB-17B8EFBBC2FA}.Debug|Any CPU.ActiveCfg = Debug|Any CPU
		{CB8B95A8-D31F-3069-A2FB-17B8EFBBC2FA}.Debug|Any CPU.Build.0 = Debug|Any CPU
		{CB8B95A8-D31F-3069-A2FB-17B8EFBBC2FA}.Release|Any CPU.ActiveCfg = Release|Any CPU
		{CB8B95A8-D31F-3069-A2FB-17B8EFBBC2FA}.Release|Any CPU.Build.0 = Release|Any CPU
		{250ACD7B-119D-4FE1-31E8-DD1F47DDC255}.Debug|Any CPU.ActiveCfg = Debug|Any CPU
		{250ACD7B-119D-4FE1-31E8-DD1F47DDC255}.Debug|Any CPU.Build.0 = Debug|Any CPU
		{250ACD7B-119D-4FE1-31E8-DD1F47DDC255}.Release|Any CPU.ActiveCfg = Release|Any CPU
		{250ACD7B-119D-4FE1-31E8-DD1F47DDC255}.Release|Any CPU.Build.0 = Release|Any CPU
		{049BCB6A-347A-C01E-F014-8965A3629E73}.Debug|Any CPU.ActiveCfg = Debug|Any CPU
		{049BCB6A-347A-C01E-F014-8965A3629E73}.Debug|Any CPU.Build.0 = Debug|Any CPU
		{049BCB6A-347A-C01E-F014-8965A3629E73}.Release|Any CPU.ActiveCfg = Release|Any CPU
		{049BCB6A-347A-C01E-F014-8965A3629E73}.Release|Any CPU.Build.0 = Release|Any CPU
		{A28BC38C-5B5E-D9E3-B1C0-492642F535BF}.Debug|Any CPU.ActiveCfg = Debug|Any CPU
		{A28BC38C-5B5E-D9E3-B1C0-492642F535BF}.Debug|Any CPU.Build.0 = Debug|Any CPU
		{A28BC38C-5B5E-D9E3-B1C0-492642F535BF}.Release|Any CPU.ActiveCfg = Release|Any CPU
		{A28BC38C-5B5E-D9E3-B1C0-492642F535BF}.Release|Any CPU.Build.0 = Release|Any CPU
		{AEA7C84A-E37A-39E7-C785-B1C2707C403F}.Debug|Any CPU.ActiveCfg = Debug|Any CPU
		{AEA7C84A-E37A-39E7-C785-B1C2707C403F}.Debug|Any CPU.Build.0 = Debug|Any CPU
		{AEA7C84A-E37A-39E7-C785-B1C2707C403F}.Release|Any CPU.ActiveCfg = Release|Any CPU
		{AEA7C84A-E37A-39E7-C785-B1C2707C403F}.Release|Any CPU.Build.0 = Release|Any CPU
		{66DCD6E8-6030-684E-81BA-17EEF20E8B6B}.Debug|Any CPU.ActiveCfg = Debug|Any CPU
		{66DCD6E8-6030-684E-81BA-17EEF20E8B6B}.Debug|Any CPU.Build.0 = Debug|Any CPU
		{66DCD6E8-6030-684E-81BA-17EEF20E8B6B}.Release|Any CPU.ActiveCfg = Release|Any CPU
		{66DCD6E8-6030-684E-81BA-17EEF20E8B6B}.Release|Any CPU.Build.0 = Release|Any CPU
		{38D55EDD-B222-90A8-1E3C-30878768C40B}.Debug|Any CPU.ActiveCfg = Debug|Any CPU
		{38D55EDD-B222-90A8-1E3C-30878768C40B}.Debug|Any CPU.Build.0 = Debug|Any CPU
		{38D55EDD-B222-90A8-1E3C-30878768C40B}.Release|Any CPU.ActiveCfg = Release|Any CPU
		{38D55EDD-B222-90A8-1E3C-30878768C40B}.Release|Any CPU.Build.0 = Release|Any CPU
		{4DB21D41-8474-56D3-1534-F81AB5EEF18B}.Debug|Any CPU.ActiveCfg = Debug|Any CPU
		{4DB21D41-8474-56D3-1534-F81AB5EEF18B}.Debug|Any CPU.Build.0 = Debug|Any CPU
		{4DB21D41-8474-56D3-1534-F81AB5EEF18B}.Release|Any CPU.ActiveCfg = Release|Any CPU
		{4DB21D41-8474-56D3-1534-F81AB5EEF18B}.Release|Any CPU.Build.0 = Release|Any CPU
		{556CAF2D-6B43-9372-7182-112B1E7BEE4D}.Debug|Any CPU.ActiveCfg = Debug|Any CPU
		{556CAF2D-6B43-9372-7182-112B1E7BEE4D}.Debug|Any CPU.Build.0 = Debug|Any CPU
		{556CAF2D-6B43-9372-7182-112B1E7BEE4D}.Release|Any CPU.ActiveCfg = Release|Any CPU
		{556CAF2D-6B43-9372-7182-112B1E7BEE4D}.Release|Any CPU.Build.0 = Release|Any CPU
		{A8439B8F-5D0B-BEBA-6436-08D2DD143308}.Debug|Any CPU.ActiveCfg = Debug|Any CPU
		{A8439B8F-5D0B-BEBA-6436-08D2DD143308}.Debug|Any CPU.Build.0 = Debug|Any CPU
		{A8439B8F-5D0B-BEBA-6436-08D2DD143308}.Release|Any CPU.ActiveCfg = Release|Any CPU
		{A8439B8F-5D0B-BEBA-6436-08D2DD143308}.Release|Any CPU.Build.0 = Release|Any CPU
		{23DC6365-BD7E-D883-D3D7-13C0EF4CCABD}.Debug|Any CPU.ActiveCfg = Debug|Any CPU
		{23DC6365-BD7E-D883-D3D7-13C0EF4CCABD}.Debug|Any CPU.Build.0 = Debug|Any CPU
		{23DC6365-BD7E-D883-D3D7-13C0EF4CCABD}.Release|Any CPU.ActiveCfg = Release|Any CPU
		{23DC6365-BD7E-D883-D3D7-13C0EF4CCABD}.Release|Any CPU.Build.0 = Release|Any CPU
		{C9F4786B-AE70-D93E-060B-5B0FA89D74FA}.Debug|Any CPU.ActiveCfg = Debug|Any CPU
		{C9F4786B-AE70-D93E-060B-5B0FA89D74FA}.Debug|Any CPU.Build.0 = Debug|Any CPU
		{C9F4786B-AE70-D93E-060B-5B0FA89D74FA}.Release|Any CPU.ActiveCfg = Release|Any CPU
		{C9F4786B-AE70-D93E-060B-5B0FA89D74FA}.Release|Any CPU.Build.0 = Release|Any CPU
		{C6FAEAA8-782E-A983-F018-C8CDEAA2E3BC}.Debug|Any CPU.ActiveCfg = Debug|Any CPU
		{C6FAEAA8-782E-A983-F018-C8CDEAA2E3BC}.Debug|Any CPU.Build.0 = Debug|Any CPU
		{C6FAEAA8-782E-A983-F018-C8CDEAA2E3BC}.Release|Any CPU.ActiveCfg = Release|Any CPU
		{C6FAEAA8-782E-A983-F018-C8CDEAA2E3BC}.Release|Any CPU.Build.0 = Release|Any CPU
		{DC86ACF4-0F13-E5DB-CD21-95857D81EA50}.Debug|Any CPU.ActiveCfg = Debug|Any CPU
		{DC86ACF4-0F13-E5DB-CD21-95857D81EA50}.Debug|Any CPU.Build.0 = Debug|Any CPU
		{DC86ACF4-0F13-E5DB-CD21-95857D81EA50}.Release|Any CPU.ActiveCfg = Release|Any CPU
		{DC86ACF4-0F13-E5DB-CD21-95857D81EA50}.Release|Any CPU.Build.0 = Release|Any CPU
		{DA958179-9725-E9A3-67EC-68D9C2032DA4}.Debug|Any CPU.ActiveCfg = Debug|Any CPU
		{DA958179-9725-E9A3-67EC-68D9C2032DA4}.Debug|Any CPU.Build.0 = Debug|Any CPU
		{DA958179-9725-E9A3-67EC-68D9C2032DA4}.Release|Any CPU.ActiveCfg = Release|Any CPU
		{DA958179-9725-E9A3-67EC-68D9C2032DA4}.Release|Any CPU.Build.0 = Release|Any CPU
		{E533B58A-97FA-9941-E2A7-323EAF492E2E}.Debug|Any CPU.ActiveCfg = Debug|Any CPU
		{E533B58A-97FA-9941-E2A7-323EAF492E2E}.Debug|Any CPU.Build.0 = Debug|Any CPU
		{E533B58A-97FA-9941-E2A7-323EAF492E2E}.Release|Any CPU.ActiveCfg = Release|Any CPU
		{E533B58A-97FA-9941-E2A7-323EAF492E2E}.Release|Any CPU.Build.0 = Release|Any CPU
		{CCB6F8C7-2261-D38F-F088-85224A02F7A4}.Debug|Any CPU.ActiveCfg = Debug|Any CPU
		{CCB6F8C7-2261-D38F-F088-85224A02F7A4}.Debug|Any CPU.Build.0 = Debug|Any CPU
		{CCB6F8C7-2261-D38F-F088-85224A02F7A4}.Release|Any CPU.ActiveCfg = Release|Any CPU
		{CCB6F8C7-2261-D38F-F088-85224A02F7A4}.Release|Any CPU.Build.0 = Release|Any CPU
		{42B7518D-A1DB-856F-F036-843005A130DE}.Debug|Any CPU.ActiveCfg = Debug|Any CPU
		{42B7518D-A1DB-856F-F036-843005A130DE}.Debug|Any CPU.Build.0 = Debug|Any CPU
		{42B7518D-A1DB-856F-F036-843005A130DE}.Release|Any CPU.ActiveCfg = Release|Any CPU
		{42B7518D-A1DB-856F-F036-843005A130DE}.Release|Any CPU.Build.0 = Release|Any CPU
		{227F7A18-FDF4-E443-61DE-E7F662CBD74D}.Debug|Any CPU.ActiveCfg = Debug|Any CPU
		{227F7A18-FDF4-E443-61DE-E7F662CBD74D}.Debug|Any CPU.Build.0 = Debug|Any CPU
		{227F7A18-FDF4-E443-61DE-E7F662CBD74D}.Release|Any CPU.ActiveCfg = Release|Any CPU
		{227F7A18-FDF4-E443-61DE-E7F662CBD74D}.Release|Any CPU.Build.0 = Release|Any CPU
		{89E5B5E4-70C0-5C42-6424-5F6F5AEA3F9F}.Debug|Any CPU.ActiveCfg = Debug|Any CPU
		{89E5B5E4-70C0-5C42-6424-5F6F5AEA3F9F}.Debug|Any CPU.Build.0 = Debug|Any CPU
		{89E5B5E4-70C0-5C42-6424-5F6F5AEA3F9F}.Release|Any CPU.ActiveCfg = Release|Any CPU
		{89E5B5E4-70C0-5C42-6424-5F6F5AEA3F9F}.Release|Any CPU.Build.0 = Release|Any CPU
		{DBDBD7C3-328E-F542-F73E-D83681BE22B6}.Debug|Any CPU.ActiveCfg = Debug|Any CPU
		{DBDBD7C3-328E-F542-F73E-D83681BE22B6}.Debug|Any CPU.Build.0 = Debug|Any CPU
		{DBDBD7C3-328E-F542-F73E-D83681BE22B6}.Release|Any CPU.ActiveCfg = Release|Any CPU
		{DBDBD7C3-328E-F542-F73E-D83681BE22B6}.Release|Any CPU.Build.0 = Release|Any CPU
		{AD60887F-F1C7-1434-796A-F8AFA4B2F2E6}.Debug|Any CPU.ActiveCfg = Debug|Any CPU
		{AD60887F-F1C7-1434-796A-F8AFA4B2F2E6}.Debug|Any CPU.Build.0 = Debug|Any CPU
		{AD60887F-F1C7-1434-796A-F8AFA4B2F2E6}.Release|Any CPU.ActiveCfg = Release|Any CPU
		{AD60887F-F1C7-1434-796A-F8AFA4B2F2E6}.Release|Any CPU.Build.0 = Release|Any CPU
		{C0E67AB7-4BE5-AB8E-B001-46CAD9FC762F}.Debug|Any CPU.ActiveCfg = Debug|Any CPU
		{C0E67AB7-4BE5-AB8E-B001-46CAD9FC762F}.Debug|Any CPU.Build.0 = Debug|Any CPU
		{C0E67AB7-4BE5-AB8E-B001-46CAD9FC762F}.Release|Any CPU.ActiveCfg = Release|Any CPU
		{C0E67AB7-4BE5-AB8E-B001-46CAD9FC762F}.Release|Any CPU.Build.0 = Release|Any CPU
		{1587023D-EDBC-396E-96D0-1B50BE01A7A5}.Debug|Any CPU.ActiveCfg = Debug|Any CPU
		{1587023D-EDBC-396E-96D0-1B50BE01A7A5}.Debug|Any CPU.Build.0 = Debug|Any CPU
		{1587023D-EDBC-396E-96D0-1B50BE01A7A5}.Release|Any CPU.ActiveCfg = Release|Any CPU
		{1587023D-EDBC-396E-96D0-1B50BE01A7A5}.Release|Any CPU.Build.0 = Release|Any CPU
		{CA356EF1-D0FE-37C2-189F-32FD34B7DC08}.Debug|Any CPU.ActiveCfg = Debug|Any CPU
		{CA356EF1-D0FE-37C2-189F-32FD34B7DC08}.Debug|Any CPU.Build.0 = Debug|Any CPU
		{CA356EF1-D0FE-37C2-189F-32FD34B7DC08}.Release|Any CPU.ActiveCfg = Release|Any CPU
		{CA356EF1-D0FE-37C2-189F-32FD34B7DC08}.Release|Any CPU.Build.0 = Release|Any CPU
		{66071ED3-E776-BBD6-1EC9-EE7E9B0952D7}.Debug|Any CPU.ActiveCfg = Debug|Any CPU
		{66071ED3-E776-BBD6-1EC9-EE7E9B0952D7}.Debug|Any CPU.Build.0 = Debug|Any CPU
		{66071ED3-E776-BBD6-1EC9-EE7E9B0952D7}.Release|Any CPU.ActiveCfg = Release|Any CPU
		{66071ED3-E776-BBD6-1EC9-EE7E9B0952D7}.Release|Any CPU.Build.0 = Release|Any CPU
		{35D77470-801A-B465-37A2-A48A27D55025}.Debug|Any CPU.ActiveCfg = Debug|Any CPU
		{35D77470-801A-B465-37A2-A48A27D55025}.Debug|Any CPU.Build.0 = Debug|Any CPU
		{35D77470-801A-B465-37A2-A48A27D55025}.Release|Any CPU.ActiveCfg = Release|Any CPU
		{35D77470-801A-B465-37A2-A48A27D55025}.Release|Any CPU.Build.0 = Release|Any CPU
		{53FF48EE-FEEC-809A-87C8-73A7EB205069}.Debug|Any CPU.ActiveCfg = Debug|Any CPU
		{53FF48EE-FEEC-809A-87C8-73A7EB205069}.Debug|Any CPU.Build.0 = Debug|Any CPU
		{53FF48EE-FEEC-809A-87C8-73A7EB205069}.Release|Any CPU.ActiveCfg = Release|Any CPU
		{53FF48EE-FEEC-809A-87C8-73A7EB205069}.Release|Any CPU.Build.0 = Release|Any CPU
		{30FA5046-2279-46AB-B7DF-35FBD08FFAEC}.Debug|Any CPU.ActiveCfg = Debug|Any CPU
		{30FA5046-2279-46AB-B7DF-35FBD08FFAEC}.Debug|Any CPU.Build.0 = Debug|Any CPU
		{30FA5046-2279-46AB-B7DF-35FBD08FFAEC}.Release|Any CPU.ActiveCfg = Release|Any CPU
		{30FA5046-2279-46AB-B7DF-35FBD08FFAEC}.Release|Any CPU.Build.0 = Release|Any CPU
		{AF041EF9-130E-B16E-8CD7-84217AA4F700}.Debug|Any CPU.ActiveCfg = Debug|Any CPU
		{AF041EF9-130E-B16E-8CD7-84217AA4F700}.Debug|Any CPU.Build.0 = Debug|Any CPU
		{AF041EF9-130E-B16E-8CD7-84217AA4F700}.Release|Any CPU.ActiveCfg = Release|Any CPU
		{AF041EF9-130E-B16E-8CD7-84217AA4F700}.Release|Any CPU.Build.0 = Release|Any CPU
		{D3FC4D6A-59D8-ECEE-C01E-385C24DBE0AF}.Debug|Any CPU.ActiveCfg = Debug|Any CPU
		{D3FC4D6A-59D8-ECEE-C01E-385C24DBE0AF}.Debug|Any CPU.Build.0 = Debug|Any CPU
		{D3FC4D6A-59D8-ECEE-C01E-385C24DBE0AF}.Release|Any CPU.ActiveCfg = Release|Any CPU
		{D3FC4D6A-59D8-ECEE-C01E-385C24DBE0AF}.Release|Any CPU.Build.0 = Release|Any CPU
		{3FC3A398-1FDE-DCCF-366C-20B2BC959AC7}.Debug|Any CPU.ActiveCfg = Debug|Any CPU
		{3FC3A398-1FDE-DCCF-366C-20B2BC959AC7}.Debug|Any CPU.Build.0 = Debug|Any CPU
		{3FC3A398-1FDE-DCCF-366C-20B2BC959AC7}.Release|Any CPU.ActiveCfg = Release|Any CPU
		{3FC3A398-1FDE-DCCF-366C-20B2BC959AC7}.Release|Any CPU.Build.0 = Release|Any CPU
		{0EA9E694-E7B8-C7BC-9107-8B031962848D}.Debug|Any CPU.ActiveCfg = Debug|Any CPU
		{0EA9E694-E7B8-C7BC-9107-8B031962848D}.Debug|Any CPU.Build.0 = Debug|Any CPU
		{0EA9E694-E7B8-C7BC-9107-8B031962848D}.Release|Any CPU.ActiveCfg = Release|Any CPU
		{0EA9E694-E7B8-C7BC-9107-8B031962848D}.Release|Any CPU.Build.0 = Release|Any CPU
		{87CC22E5-9B7B-9F6B-D4CC-356C5E840626}.Debug|Any CPU.ActiveCfg = Debug|Any CPU
		{87CC22E5-9B7B-9F6B-D4CC-356C5E840626}.Debug|Any CPU.Build.0 = Debug|Any CPU
		{87CC22E5-9B7B-9F6B-D4CC-356C5E840626}.Release|Any CPU.ActiveCfg = Release|Any CPU
		{87CC22E5-9B7B-9F6B-D4CC-356C5E840626}.Release|Any CPU.Build.0 = Release|Any CPU
		{974693B6-B48C-23F7-CFA6-F506ECAAA619}.Debug|Any CPU.ActiveCfg = Debug|Any CPU
		{974693B6-B48C-23F7-CFA6-F506ECAAA619}.Debug|Any CPU.Build.0 = Debug|Any CPU
		{974693B6-B48C-23F7-CFA6-F506ECAAA619}.Release|Any CPU.ActiveCfg = Release|Any CPU
		{974693B6-B48C-23F7-CFA6-F506ECAAA619}.Release|Any CPU.Build.0 = Release|Any CPU
		{C88C41F0-06F0-6157-5204-B59A3CC6BF6A}.Debug|Any CPU.ActiveCfg = Debug|Any CPU
		{C88C41F0-06F0-6157-5204-B59A3CC6BF6A}.Debug|Any CPU.Build.0 = Debug|Any CPU
		{C88C41F0-06F0-6157-5204-B59A3CC6BF6A}.Release|Any CPU.ActiveCfg = Release|Any CPU
		{C88C41F0-06F0-6157-5204-B59A3CC6BF6A}.Release|Any CPU.Build.0 = Release|Any CPU
		{72A31204-A94C-7CDB-D4D2-B77F07580CC0}.Debug|Any CPU.ActiveCfg = Debug|Any CPU
		{72A31204-A94C-7CDB-D4D2-B77F07580CC0}.Debug|Any CPU.Build.0 = Debug|Any CPU
		{72A31204-A94C-7CDB-D4D2-B77F07580CC0}.Release|Any CPU.ActiveCfg = Release|Any CPU
		{72A31204-A94C-7CDB-D4D2-B77F07580CC0}.Release|Any CPU.Build.0 = Release|Any CPU
		{04153C1B-B93E-E672-9638-8EEBA7524B0B}.Debug|Any CPU.ActiveCfg = Debug|Any CPU
		{04153C1B-B93E-E672-9638-8EEBA7524B0B}.Debug|Any CPU.Build.0 = Debug|Any CPU
		{04153C1B-B93E-E672-9638-8EEBA7524B0B}.Release|Any CPU.ActiveCfg = Release|Any CPU
		{04153C1B-B93E-E672-9638-8EEBA7524B0B}.Release|Any CPU.Build.0 = Release|Any CPU
		{84D22F17-0ACF-FE5C-3AD6-74F80B709A73}.Debug|Any CPU.ActiveCfg = Debug|Any CPU
		{84D22F17-0ACF-FE5C-3AD6-74F80B709A73}.Debug|Any CPU.Build.0 = Debug|Any CPU
		{84D22F17-0ACF-FE5C-3AD6-74F80B709A73}.Release|Any CPU.ActiveCfg = Release|Any CPU
		{84D22F17-0ACF-FE5C-3AD6-74F80B709A73}.Release|Any CPU.Build.0 = Release|Any CPU
		{310D1B61-AC50-4EFC-CCDF-78A2843B7923}.Debug|Any CPU.ActiveCfg = Debug|Any CPU
		{310D1B61-AC50-4EFC-CCDF-78A2843B7923}.Debug|Any CPU.Build.0 = Debug|Any CPU
		{310D1B61-AC50-4EFC-CCDF-78A2843B7923}.Release|Any CPU.ActiveCfg = Release|Any CPU
		{310D1B61-AC50-4EFC-CCDF-78A2843B7923}.Release|Any CPU.Build.0 = Release|Any CPU
		{839E72F5-4905-DF7F-B3DA-4726D5BEDBC0}.Debug|Any CPU.ActiveCfg = Debug|Any CPU
		{839E72F5-4905-DF7F-B3DA-4726D5BEDBC0}.Debug|Any CPU.Build.0 = Debug|Any CPU
		{839E72F5-4905-DF7F-B3DA-4726D5BEDBC0}.Release|Any CPU.ActiveCfg = Release|Any CPU
		{839E72F5-4905-DF7F-B3DA-4726D5BEDBC0}.Release|Any CPU.Build.0 = Release|Any CPU
		{846911B7-2202-7AF3-C0CF-F072FA0D8479}.Debug|Any CPU.ActiveCfg = Debug|Any CPU
		{846911B7-2202-7AF3-C0CF-F072FA0D8479}.Debug|Any CPU.Build.0 = Debug|Any CPU
		{846911B7-2202-7AF3-C0CF-F072FA0D8479}.Release|Any CPU.ActiveCfg = Release|Any CPU
		{846911B7-2202-7AF3-C0CF-F072FA0D8479}.Release|Any CPU.Build.0 = Release|Any CPU
		{C517DA9A-D72E-9C74-5F96-832690D33644}.Debug|Any CPU.ActiveCfg = Debug|Any CPU
		{C517DA9A-D72E-9C74-5F96-832690D33644}.Debug|Any CPU.Build.0 = Debug|Any CPU
		{C517DA9A-D72E-9C74-5F96-832690D33644}.Release|Any CPU.ActiveCfg = Release|Any CPU
		{C517DA9A-D72E-9C74-5F96-832690D33644}.Release|Any CPU.Build.0 = Release|Any CPU
		{4E285DA8-F612-AD1C-9F48-0A592E07F7F1}.Debug|Any CPU.ActiveCfg = Debug|Any CPU
		{4E285DA8-F612-AD1C-9F48-0A592E07F7F1}.Debug|Any CPU.Build.0 = Debug|Any CPU
		{4E285DA8-F612-AD1C-9F48-0A592E07F7F1}.Release|Any CPU.ActiveCfg = Release|Any CPU
		{4E285DA8-F612-AD1C-9F48-0A592E07F7F1}.Release|Any CPU.Build.0 = Release|Any CPU
		{770F4BC7-B81A-9375-C710-85765C18F85E}.Debug|Any CPU.ActiveCfg = Debug|Any CPU
		{770F4BC7-B81A-9375-C710-85765C18F85E}.Debug|Any CPU.Build.0 = Debug|Any CPU
		{770F4BC7-B81A-9375-C710-85765C18F85E}.Release|Any CPU.ActiveCfg = Release|Any CPU
		{770F4BC7-B81A-9375-C710-85765C18F85E}.Release|Any CPU.Build.0 = Release|Any CPU
		{3021FC29-73AE-D990-5302-68B408FB3C04}.Debug|Any CPU.ActiveCfg = Debug|Any CPU
		{3021FC29-73AE-D990-5302-68B408FB3C04}.Debug|Any CPU.Build.0 = Debug|Any CPU
		{3021FC29-73AE-D990-5302-68B408FB3C04}.Release|Any CPU.ActiveCfg = Release|Any CPU
		{3021FC29-73AE-D990-5302-68B408FB3C04}.Release|Any CPU.Build.0 = Release|Any CPU
		{FA8E00BA-E5E5-5D83-DEEE-DD63C6C9E577}.Debug|Any CPU.ActiveCfg = Debug|Any CPU
		{FA8E00BA-E5E5-5D83-DEEE-DD63C6C9E577}.Debug|Any CPU.Build.0 = Debug|Any CPU
		{FA8E00BA-E5E5-5D83-DEEE-DD63C6C9E577}.Release|Any CPU.ActiveCfg = Release|Any CPU
		{FA8E00BA-E5E5-5D83-DEEE-DD63C6C9E577}.Release|Any CPU.Build.0 = Release|Any CPU
		{C415C3BA-7E99-7E0B-59A6-E1F5F759456A}.Debug|Any CPU.ActiveCfg = Debug|Any CPU
		{C415C3BA-7E99-7E0B-59A6-E1F5F759456A}.Debug|Any CPU.Build.0 = Debug|Any CPU
		{C415C3BA-7E99-7E0B-59A6-E1F5F759456A}.Release|Any CPU.ActiveCfg = Release|Any CPU
		{C415C3BA-7E99-7E0B-59A6-E1F5F759456A}.Release|Any CPU.Build.0 = Release|Any CPU
		{E9F37071-8EB2-5C4A-2DFB-9384893C941A}.Debug|Any CPU.ActiveCfg = Debug|Any CPU
		{E9F37071-8EB2-5C4A-2DFB-9384893C941A}.Debug|Any CPU.Build.0 = Debug|Any CPU
		{E9F37071-8EB2-5C4A-2DFB-9384893C941A}.Release|Any CPU.ActiveCfg = Release|Any CPU
		{E9F37071-8EB2-5C4A-2DFB-9384893C941A}.Release|Any CPU.Build.0 = Release|Any CPU
		{40AF2DA2-C90B-AD0A-44AA-56BD242CB238}.Debug|Any CPU.ActiveCfg = Debug|Any CPU
		{40AF2DA2-C90B-AD0A-44AA-56BD242CB238}.Debug|Any CPU.Build.0 = Debug|Any CPU
		{40AF2DA2-C90B-AD0A-44AA-56BD242CB238}.Release|Any CPU.ActiveCfg = Release|Any CPU
		{40AF2DA2-C90B-AD0A-44AA-56BD242CB238}.Release|Any CPU.Build.0 = Release|Any CPU
		{03B2E350-6FA4-AA23-975D-D1F1FCE46F93}.Debug|Any CPU.ActiveCfg = Debug|Any CPU
		{03B2E350-6FA4-AA23-975D-D1F1FCE46F93}.Debug|Any CPU.Build.0 = Debug|Any CPU
		{03B2E350-6FA4-AA23-975D-D1F1FCE46F93}.Release|Any CPU.ActiveCfg = Release|Any CPU
		{03B2E350-6FA4-AA23-975D-D1F1FCE46F93}.Release|Any CPU.Build.0 = Release|Any CPU
		{A015A98A-8C4C-6B3E-2D8C-7F2350315A67}.Debug|Any CPU.ActiveCfg = Debug|Any CPU
		{A015A98A-8C4C-6B3E-2D8C-7F2350315A67}.Debug|Any CPU.Build.0 = Debug|Any CPU
		{A015A98A-8C4C-6B3E-2D8C-7F2350315A67}.Release|Any CPU.ActiveCfg = Release|Any CPU
		{A015A98A-8C4C-6B3E-2D8C-7F2350315A67}.Release|Any CPU.Build.0 = Release|Any CPU
		{585E2282-F365-1CAD-0153-68E6048D3E58}.Debug|Any CPU.ActiveCfg = Debug|Any CPU
		{585E2282-F365-1CAD-0153-68E6048D3E58}.Debug|Any CPU.Build.0 = Debug|Any CPU
		{585E2282-F365-1CAD-0153-68E6048D3E58}.Release|Any CPU.ActiveCfg = Release|Any CPU
		{585E2282-F365-1CAD-0153-68E6048D3E58}.Release|Any CPU.Build.0 = Release|Any CPU
		{D88A0F31-906A-A478-EC3F-94F21959EF17}.Debug|Any CPU.ActiveCfg = Debug|Any CPU
		{D88A0F31-906A-A478-EC3F-94F21959EF17}.Debug|Any CPU.Build.0 = Debug|Any CPU
		{D88A0F31-906A-A478-EC3F-94F21959EF17}.Release|Any CPU.ActiveCfg = Release|Any CPU
		{D88A0F31-906A-A478-EC3F-94F21959EF17}.Release|Any CPU.Build.0 = Release|Any CPU
		{F0BCAF71-9F15-A28D-50C3-965901B30148}.Debug|Any CPU.ActiveCfg = Debug|Any CPU
		{F0BCAF71-9F15-A28D-50C3-965901B30148}.Debug|Any CPU.Build.0 = Debug|Any CPU
		{F0BCAF71-9F15-A28D-50C3-965901B30148}.Release|Any CPU.ActiveCfg = Release|Any CPU
		{F0BCAF71-9F15-A28D-50C3-965901B30148}.Release|Any CPU.Build.0 = Release|Any CPU
		{70CB2E04-A178-D2BC-B521-DA9E6071D735}.Debug|Any CPU.ActiveCfg = Debug|Any CPU
		{70CB2E04-A178-D2BC-B521-DA9E6071D735}.Debug|Any CPU.Build.0 = Debug|Any CPU
		{70CB2E04-A178-D2BC-B521-DA9E6071D735}.Release|Any CPU.ActiveCfg = Release|Any CPU
		{70CB2E04-A178-D2BC-B521-DA9E6071D735}.Release|Any CPU.Build.0 = Release|Any CPU
		{A7129AEE-9CE7-E9EB-6C21-1B1E0020EF39}.Debug|Any CPU.ActiveCfg = Debug|Any CPU
		{A7129AEE-9CE7-E9EB-6C21-1B1E0020EF39}.Debug|Any CPU.Build.0 = Debug|Any CPU
		{A7129AEE-9CE7-E9EB-6C21-1B1E0020EF39}.Release|Any CPU.ActiveCfg = Release|Any CPU
		{A7129AEE-9CE7-E9EB-6C21-1B1E0020EF39}.Release|Any CPU.Build.0 = Release|Any CPU
		{AE077754-E0AD-266C-6A40-1D37C0260F6B}.Debug|Any CPU.ActiveCfg = Debug|Any CPU
		{AE077754-E0AD-266C-6A40-1D37C0260F6B}.Debug|Any CPU.Build.0 = Debug|Any CPU
		{AE077754-E0AD-266C-6A40-1D37C0260F6B}.Release|Any CPU.ActiveCfg = Release|Any CPU
		{AE077754-E0AD-266C-6A40-1D37C0260F6B}.Release|Any CPU.Build.0 = Release|Any CPU
		{A329A451-AF44-C9A7-2727-CEE79B769197}.Debug|Any CPU.ActiveCfg = Debug|Any CPU
		{A329A451-AF44-C9A7-2727-CEE79B769197}.Debug|Any CPU.Build.0 = Debug|Any CPU
		{A329A451-AF44-C9A7-2727-CEE79B769197}.Release|Any CPU.ActiveCfg = Release|Any CPU
		{A329A451-AF44-C9A7-2727-CEE79B769197}.Release|Any CPU.Build.0 = Release|Any CPU
		{9CD367FE-1C40-9A95-84AB-4F1DCD93190C}.Debug|Any CPU.ActiveCfg = Debug|Any CPU
		{9CD367FE-1C40-9A95-84AB-4F1DCD93190C}.Debug|Any CPU.Build.0 = Debug|Any CPU
		{9CD367FE-1C40-9A95-84AB-4F1DCD93190C}.Release|Any CPU.ActiveCfg = Release|Any CPU
		{9CD367FE-1C40-9A95-84AB-4F1DCD93190C}.Release|Any CPU.Build.0 = Release|Any CPU
		{A6A221E1-B8FD-553C-06CF-785EF1B2FEC0}.Debug|Any CPU.ActiveCfg = Debug|Any CPU
		{A6A221E1-B8FD-553C-06CF-785EF1B2FEC0}.Debug|Any CPU.Build.0 = Debug|Any CPU
		{A6A221E1-B8FD-553C-06CF-785EF1B2FEC0}.Release|Any CPU.ActiveCfg = Release|Any CPU
		{A6A221E1-B8FD-553C-06CF-785EF1B2FEC0}.Release|Any CPU.Build.0 = Release|Any CPU
		{2EB07DF5-D79E-A982-CAB9-8628DF01E55A}.Debug|Any CPU.ActiveCfg = Debug|Any CPU
		{2EB07DF5-D79E-A982-CAB9-8628DF01E55A}.Debug|Any CPU.Build.0 = Debug|Any CPU
		{2EB07DF5-D79E-A982-CAB9-8628DF01E55A}.Release|Any CPU.ActiveCfg = Release|Any CPU
		{2EB07DF5-D79E-A982-CAB9-8628DF01E55A}.Release|Any CPU.Build.0 = Release|Any CPU
		{325C2694-86E9-5B26-AB1B-56FC74650CCB}.Debug|Any CPU.ActiveCfg = Debug|Any CPU
		{325C2694-86E9-5B26-AB1B-56FC74650CCB}.Debug|Any CPU.Build.0 = Debug|Any CPU
		{325C2694-86E9-5B26-AB1B-56FC74650CCB}.Release|Any CPU.ActiveCfg = Release|Any CPU
		{325C2694-86E9-5B26-AB1B-56FC74650CCB}.Release|Any CPU.Build.0 = Release|Any CPU
		{E88EE1E1-3963-0D6A-2BCE-9375A515238E}.Debug|Any CPU.ActiveCfg = Debug|Any CPU
		{E88EE1E1-3963-0D6A-2BCE-9375A515238E}.Debug|Any CPU.Build.0 = Debug|Any CPU
		{E88EE1E1-3963-0D6A-2BCE-9375A515238E}.Release|Any CPU.ActiveCfg = Release|Any CPU
		{E88EE1E1-3963-0D6A-2BCE-9375A515238E}.Release|Any CPU.Build.0 = Release|Any CPU
		{56342059-AB7C-851C-3F91-6CD68BF0F508}.Debug|Any CPU.ActiveCfg = Debug|Any CPU
		{56342059-AB7C-851C-3F91-6CD68BF0F508}.Debug|Any CPU.Build.0 = Debug|Any CPU
		{56342059-AB7C-851C-3F91-6CD68BF0F508}.Release|Any CPU.ActiveCfg = Release|Any CPU
		{56342059-AB7C-851C-3F91-6CD68BF0F508}.Release|Any CPU.Build.0 = Release|Any CPU
		{A79CB5BC-FDAC-8903-41D7-8A69D7AC016D}.Debug|Any CPU.ActiveCfg = Debug|Any CPU
		{A79CB5BC-FDAC-8903-41D7-8A69D7AC016D}.Debug|Any CPU.Build.0 = Debug|Any CPU
		{A79CB5BC-FDAC-8903-41D7-8A69D7AC016D}.Release|Any CPU.ActiveCfg = Release|Any CPU
		{A79CB5BC-FDAC-8903-41D7-8A69D7AC016D}.Release|Any CPU.Build.0 = Release|Any CPU
		{E93325E3-EE14-DC93-C7D5-D44CFDAB689C}.Debug|Any CPU.ActiveCfg = Debug|Any CPU
		{E93325E3-EE14-DC93-C7D5-D44CFDAB689C}.Debug|Any CPU.Build.0 = Debug|Any CPU
		{E93325E3-EE14-DC93-C7D5-D44CFDAB689C}.Release|Any CPU.ActiveCfg = Release|Any CPU
		{E93325E3-EE14-DC93-C7D5-D44CFDAB689C}.Release|Any CPU.Build.0 = Release|Any CPU
		{7C681D65-CCA9-374B-9953-E9B3B02633B9}.Debug|Any CPU.ActiveCfg = Debug|Any CPU
		{7C681D65-CCA9-374B-9953-E9B3B02633B9}.Debug|Any CPU.Build.0 = Debug|Any CPU
		{7C681D65-CCA9-374B-9953-E9B3B02633B9}.Release|Any CPU.ActiveCfg = Release|Any CPU
		{7C681D65-CCA9-374B-9953-E9B3B02633B9}.Release|Any CPU.Build.0 = Release|Any CPU
		{3F5C9BC2-5065-0AF5-DC9E-52A6849B23A5}.Debug|Any CPU.ActiveCfg = Debug|Any CPU
		{3F5C9BC2-5065-0AF5-DC9E-52A6849B23A5}.Debug|Any CPU.Build.0 = Debug|Any CPU
		{3F5C9BC2-5065-0AF5-DC9E-52A6849B23A5}.Release|Any CPU.ActiveCfg = Release|Any CPU
		{3F5C9BC2-5065-0AF5-DC9E-52A6849B23A5}.Release|Any CPU.Build.0 = Release|Any CPU
		{EDAD13F1-8C9D-4334-FC25-1B009EA46924}.Debug|Any CPU.ActiveCfg = Debug|Any CPU
		{EDAD13F1-8C9D-4334-FC25-1B009EA46924}.Debug|Any CPU.Build.0 = Debug|Any CPU
		{EDAD13F1-8C9D-4334-FC25-1B009EA46924}.Release|Any CPU.ActiveCfg = Release|Any CPU
		{EDAD13F1-8C9D-4334-FC25-1B009EA46924}.Release|Any CPU.Build.0 = Release|Any CPU
		{DA09A703-6BCC-5407-3E11-67ADE39D6960}.Debug|Any CPU.ActiveCfg = Debug|Any CPU
		{DA09A703-6BCC-5407-3E11-67ADE39D6960}.Debug|Any CPU.Build.0 = Debug|Any CPU
		{DA09A703-6BCC-5407-3E11-67ADE39D6960}.Release|Any CPU.ActiveCfg = Release|Any CPU
		{DA09A703-6BCC-5407-3E11-67ADE39D6960}.Release|Any CPU.Build.0 = Release|Any CPU
		{5CA8E626-7C61-B50D-D79F-5B87B24B3A70}.Debug|Any CPU.ActiveCfg = Debug|Any CPU
		{5CA8E626-7C61-B50D-D79F-5B87B24B3A70}.Debug|Any CPU.Build.0 = Debug|Any CPU
		{5CA8E626-7C61-B50D-D79F-5B87B24B3A70}.Release|Any CPU.ActiveCfg = Release|Any CPU
		{5CA8E626-7C61-B50D-D79F-5B87B24B3A70}.Release|Any CPU.Build.0 = Release|Any CPU
	EndGlobalSection
	GlobalSection(SolutionProperties) = preSolution
		HideSolutionNode = FALSE
	EndGlobalSection
EndGlobal
