
Microsoft Visual Studio Solution File, Format Version 12.00
# Visual Studio 15
Project("{FAE04EC0-301F-11D3-BF4B-00C04F79EFBC}") = "UnityEngine.UI", "UnityEngine.UI.csproj", "{52549549-E8BB-2316-8B01-3AC94BA32A8C}"
EndProject
Project("{FAE04EC0-301F-11D3-BF4B-00C04F79EFBC}") = "UnityEngine.SpatialTracking", "UnityEngine.SpatialTracking.csproj", "{2FC81BFA-22AC-2675-F934-BE62FBA8AB97}"
EndProject
Project("{FAE04EC0-301F-11D3-BF4B-00C04F79EFBC}") = "Unity.XR.OpenXR", "Unity.XR.OpenXR.csproj", "{2526A3F3-23FA-5BD4-EBD5-5408E3F43EF0}"
EndProject
Project("{FAE04EC0-301F-11D3-BF4B-00C04F79EFBC}") = "Unity.RenderPipelines.Core.Runtime", "Unity.RenderPipelines.Core.Runtime.csproj", "{634B5EB7-29B0-9C19-FFE4-78737CBD66B9}"
EndProject
Project("{FAE04EC0-301F-11D3-BF4B-00C04F79EFBC}") = "UnityEngine.TestRunner", "UnityEngine.TestRunner.csproj", "{4307FC4B-7F61-2B5A-C5BE-A37B17F27009}"
EndProject
Project("{FAE04EC0-301F-11D3-BF4B-00C04F79EFBC}") = "Unity.VisualScripting.Flow", "Unity.VisualScripting.Flow.csproj", "{E202A8A8-DF23-78F2-42DF-CEE5DD2293E3}"
EndProject
Project("{FAE04EC0-301F-11D3-BF4B-00C04F79EFBC}") = "Unity.XR.Interaction.Toolkit", "Unity.XR.Interaction.Toolkit.csproj", "{086BC2E7-9D0F-0C2E-1769-D262A982CA11}"
EndProject
Project("{FAE04EC0-301F-11D3-BF4B-00C04F79EFBC}") = "Unity.Mathematics", "Unity.Mathematics.csproj", "{5A618585-3167-460E-CB25-29A044662807}"
EndProject
Project("{FAE04EC0-301F-11D3-BF4B-00C04F79EFBC}") = "Unity.InputSystem", "Unity.InputSystem.csproj", "{0FBB3497-0598-BB18-97FC-E9DB26D6FC9C}"
EndProject
Project("{FAE04EC0-301F-11D3-BF4B-00C04F79EFBC}") = "Unity.VisualScripting.State", "Unity.VisualScripting.State.csproj", "{78CFB0C7-414F-06AC-5137-98A0BE5EC79E}"
EndProject
Project("{FAE04EC0-301F-11D3-BF4B-00C04F79EFBC}") = "Unity.VisualScripting.Core", "Unity.VisualScripting.Core.csproj", "{32D6E907-9379-D9B5-88C7-7F0B56648EB8}"
EndProject
Project("{FAE04EC0-301F-11D3-BF4B-00C04F79EFBC}") = "UnityEngine.XR.LegacyInputHelpers", "UnityEngine.XR.LegacyInputHelpers.csproj", "{834D4762-D6B9-DE1E-C8C9-79D7F6178631}"
EndProject
Project("{FAE04EC0-301F-11D3-BF4B-00C04F79EFBC}") = "Unity.TextMeshPro", "Unity.TextMeshPro.csproj", "{1BFD2E89-D5AB-FE3C-7EBE-A830CFD07962}"
EndProject
Project("{FAE04EC0-301F-11D3-BF4B-00C04F79EFBC}") = "Unity.Timeline", "Unity.Timeline.csproj", "{7638F973-9718-53CD-D446-33CA91062971}"
EndProject
Project("{FAE04EC0-301F-11D3-BF4B-00C04F79EFBC}") = "Assembly-CSharp", "Assembly-CSharp.csproj", "{5A421ED1-E45E-EEA9-F0CF-387A5FF4DEF6}"
EndProject
Project("{FAE04EC0-301F-11D3-BF4B-00C04F79EFBC}") = "Unity.XR.CoreUtils", "Unity.XR.CoreUtils.csproj", "{786451B5-5736-F3B7-7C4D-351252E2C184}"
EndProject
Project("{FAE04EC0-301F-11D3-BF4B-00C04F79EFBC}") = "Unity.InputSystem.ForUI", "Unity.InputSystem.ForUI.csproj", "{67295663-68EF-BBAB-409E-E58A5AB3C318}"
EndProject
Project("{FAE04EC0-301F-11D3-BF4B-00C04F79EFBC}") = "Unity.XR.Hands", "Unity.XR.Hands.csproj", "{4EAC00F8-1680-D168-1D60-0FD9142ED775}"
EndProject
Project("{FAE04EC0-301F-11D3-BF4B-00C04F79EFBC}") = "Unity.XR.Interaction.Toolkit.Samples.Hands", "Unity.XR.Interaction.Toolkit.Samples.Hands.csproj", "{84D13890-1F2F-537E-2971-BAD2A82C37F6}"
EndProject
Project("{FAE04EC0-301F-11D3-BF4B-00C04F79EFBC}") = "Unity.XR.Management", "Unity.XR.Management.csproj", "{86597472-B0D5-A992-F200-AAEFF069C870}"
EndProject
Project("{FAE04EC0-301F-11D3-BF4B-00C04F79EFBC}") = "Unity.XR.Interaction.Toolkit.Samples.StarterAssets", "Unity.XR.Interaction.Toolkit.Samples.StarterAssets.csproj", "{14784670-AE57-DDE6-1C74-8F1B9701EF12}"
EndProject
Project("{FAE04EC0-301F-11D3-BF4B-00C04F79EFBC}") = "Unity.InputSystem.TestFramework", "Unity.InputSystem.TestFramework.csproj", "{D5EB9E92-5894-BB59-A525-18D4284FBD9C}"
EndProject
Project("{FAE04EC0-301F-11D3-BF4B-00C04F79EFBC}") = "Unity.XR.Interaction.Toolkit.Samples.DeviceSimulator", "Unity.XR.Interaction.Toolkit.Samples.DeviceSimulator.csproj", "{0B30DDF8-0FF6-575D-3A97-99705892BA70}"
EndProject
Project("{FAE04EC0-301F-11D3-BF4B-00C04F79EFBC}") = "Unity.RenderPipelines.Core.ShaderLibrary", "Unity.RenderPipelines.Core.ShaderLibrary.csproj", "{8FE0EC4B-447C-77C0-FB26-57CA57037A1F}"
EndProject
Project("{FAE04EC0-301F-11D3-BF4B-00C04F79EFBC}") = "Unity.XR.OpenXR.Features.RuntimeDebugger", "Unity.XR.OpenXR.Features.RuntimeDebugger.csproj", "{7E274331-B3D2-5FEB-CE46-2B01D17CBD5A}"
EndProject
Project("{FAE04EC0-301F-11D3-BF4B-00C04F79EFBC}") = "Unity.XR.Hands.Samples.VisualizerSample", "Unity.XR.Hands.Samples.VisualizerSample.csproj", "{B8E71EF4-9A1C-9ECA-8C3D-D05B885FEB5F}"
EndProject
Project("{FAE04EC0-301F-11D3-BF4B-00C04F79EFBC}") = "Unity.XR.OpenXR.Features.ConformanceAutomation", "Unity.XR.OpenXR.Features.ConformanceAutomation.csproj", "{F95B943C-54E1-B723-D328-6C033AAECC63}"
EndProject
Project("{FAE04EC0-301F-11D3-BF4B-00C04F79EFBC}") = "Unity.XR.OpenXR.Features.MockRuntime", "Unity.XR.OpenXR.Features.MockRuntime.csproj", "{AC850E46-340E-0749-22E3-F07CC2DE6D87}"
EndProject
Project("{FAE04EC0-301F-11D3-BF4B-00C04F79EFBC}") = "Unity.XR.OpenXR.Features.MetaQuestSupport", "Unity.XR.OpenXR.Features.MetaQuestSupport.csproj", "{D7462E78-1D16-9B72-9334-EDD9AA4054BD}"
EndProject
Project("{FAE04EC0-301F-11D3-BF4B-00C04F79EFBC}") = "Unity.RenderPipelines.ShaderGraph.ShaderGraphLibrary", "Unity.RenderPipelines.ShaderGraph.ShaderGraphLibrary.csproj", "{DACA22EB-2879-DC7D-1B75-D8901C7538C9}"
EndProject
Project("{FAE04EC0-301F-11D3-BF4B-00C04F79EFBC}") = "Unity.XR.OpenXR.Features.OculusQuestSupport", "Unity.XR.OpenXR.Features.OculusQuestSupport.csproj", "{A65B374D-F192-6CEC-24A7-D05D570F0B36}"
EndProject
Project("{FAE04EC0-301F-11D3-BF4B-00C04F79EFBC}") = "Unity.VisualScripting.Core.Editor", "Unity.VisualScripting.Core.Editor.csproj", "{37FE4746-4DB5-29E0-0B60-5B6E5ADAC1E3}"
EndProject
Project("{FAE04EC0-301F-11D3-BF4B-00C04F79EFBC}") = "Unity.PlasticSCM.Editor", "Unity.PlasticSCM.Editor.csproj", "{DAE321E2-DD41-EAE8-DE69-0AC00F8422FC}"
EndProject
Project("{FAE04EC0-301F-11D3-BF4B-00C04F79EFBC}") = "Unity.VisualScripting.Flow.Editor", "Unity.VisualScripting.Flow.Editor.csproj", "{1AAE7D29-F006-F593-F54C-3F229065F176}"
EndProject
Project("{FAE04EC0-301F-11D3-BF4B-00C04F79EFBC}") = "Unity.ShaderGraph.Editor", "Unity.ShaderGraph.Editor.csproj", "{B0177373-DFD5-2DC5-922D-702C6CB12606}"
EndProject
Project("{FAE04EC0-301F-11D3-BF4B-00C04F79EFBC}") = "Unity.XR.OpenXR.Editor", "Unity.XR.OpenXR.Editor.csproj", "{0ED8913B-2F41-4628-9933-2FD549A941BB}"
EndProject
Project("{FAE04EC0-301F-11D3-BF4B-00C04F79EFBC}") = "Unity.VisualStudio.Editor", "Unity.VisualStudio.Editor.csproj", "{7553985D-B7BD-7ADE-DB89-89737F9210C2}"
EndProject
Project("{FAE04EC0-301F-11D3-BF4B-00C04F79EFBC}") = "Unity.Timeline.Editor", "Unity.Timeline.Editor.csproj", "{095BDE15-E781-850F-E19E-B455F02B2435}"
EndProject
Project("{FAE04EC0-301F-11D3-BF4B-00C04F79EFBC}") = "Unity.VisualScripting.State.Editor", "Unity.VisualScripting.State.Editor.csproj", "{F7D5D9E8-B32C-2653-AB5E-88F938491C87}"
EndProject
Project("{FAE04EC0-301F-11D3-BF4B-00C04F79EFBC}") = "Unity.TextMeshPro.Editor", "Unity.TextMeshPro.Editor.csproj", "{D7015158-61D7-0E24-646B-B439AFB05002}"
EndProject
Project("{FAE04EC0-301F-11D3-BF4B-00C04F79EFBC}") = "Unity.RenderPipelines.Core.Editor", "Unity.RenderPipelines.Core.Editor.csproj", "{0EA8B4AE-E85E-CD28-9322-34A69F82BDE1}"
EndProject
Project("{FAE04EC0-301F-11D3-BF4B-00C04F79EFBC}") = "Unity.XR.Interaction.Toolkit.Editor", "Unity.XR.Interaction.Toolkit.Editor.csproj", "{3E87B31C-9725-6EC0-F88A-B79265A0FD95}"
EndProject
Project("{FAE04EC0-301F-11D3-BF4B-00C04F79EFBC}") = "Unity.VisualScripting.SettingsProvider.Editor", "Unity.VisualScripting.SettingsProvider.Editor.csproj", "{69D4F577-65B8-3181-F1B4-28E91CE5637E}"
EndProject
Project("{FAE04EC0-301F-11D3-BF4B-00C04F79EFBC}") = "UnityEditor.TestRunner", "UnityEditor.TestRunner.csproj", "{96F95C20-2F19-635D-6983-5713345EEB8D}"
EndProject
Project("{FAE04EC0-301F-11D3-BF4B-00C04F79EFBC}") = "Unity.Rider.Editor", "Unity.Rider.Editor.csproj", "{20FCA083-F01D-F982-78D4-CA42ABA16324}"
EndProject
Project("{FAE04EC0-301F-11D3-BF4B-00C04F79EFBC}") = "Unity.XR.CoreUtils.Editor", "Unity.XR.CoreUtils.Editor.csproj", "{6E741140-1E29-07FC-FB0D-73A6BCEC338F}"
EndProject
Project("{FAE04EC0-301F-11D3-BF4B-00C04F79EFBC}") = "Unity.XR.Hands.Editor", "Unity.XR.Hands.Editor.csproj", "{024B6055-13C1-41EF-AF49-D933A7BA3AF4}"
EndProject
Project("{FAE04EC0-301F-11D3-BF4B-00C04F79EFBC}") = "Unity.XR.Management.Samples", "Unity.XR.Management.Samples.csproj", "{59BA12C6-7959-AA67-08E3-46CBCA083B1E}"
EndProject
Project("{FAE04EC0-301F-11D3-BF4B-00C04F79EFBC}") = "Unity.Searcher.Editor", "Unity.Searcher.Editor.csproj", "{6762835E-4277-A378-82E0-8A41DFABBA42}"
EndProject
Project("{FAE04EC0-301F-11D3-BF4B-00C04F79EFBC}") = "Unity.XR.Management.Editor", "Unity.XR.Management.Editor.csproj", "{B94C7666-D95E-2F89-432C-DB22C1F9B64A}"
EndProject
Project("{FAE04EC0-301F-11D3-BF4B-00C04F79EFBC}") = "Unity.XR.OpenXR.Features.OculusQuestSupport.Editor", "Unity.XR.OpenXR.Features.OculusQuestSupport.Editor.csproj", "{E2598621-FA2E-57E0-0911-918DD8ACD15F}"
EndProject
Project("{FAE04EC0-301F-11D3-BF4B-00C04F79EFBC}") = "Unity.VSCode.Editor", "Unity.VSCode.Editor.csproj", "{D36135E6-03E3-C6E1-966D-90E4663207A2}"
EndProject
Project("{FAE04EC0-301F-11D3-BF4B-00C04F79EFBC}") = "UnityEditor.UI", "UnityEditor.UI.csproj", "{8426D563-480D-EA92-1AA2-16399F530385}"
EndProject
Project("{FAE04EC0-301F-11D3-BF4B-00C04F79EFBC}") = "UnityEditor.SpatialTracking", "UnityEditor.SpatialTracking.csproj", "{4D0E5DD8-A389-FDE5-3B74-C955FFDE7908}"
EndProject
Project("{FAE04EC0-301F-11D3-BF4B-00C04F79EFBC}") = "Unity.CollabProxy.Editor", "Unity.CollabProxy.Editor.csproj", "{F3EEFD64-FDD3-8088-9D74-E9BC7F09A3AD}"
EndProject
Project("{FAE04EC0-301F-11D3-BF4B-00C04F79EFBC}") = "Unity.Mathematics.Editor", "Unity.Mathematics.Editor.csproj", "{650F7DF1-5E62-7369-B4E5-4ACD493B87B6}"
EndProject
Project("{FAE04EC0-301F-11D3-BF4B-00C04F79EFBC}") = "UnityEditor.XR.LegacyInputHelpers", "UnityEditor.XR.LegacyInputHelpers.csproj", "{89FC9FDC-87B9-9610-94B8-33C2D3044253}"
EndProject
Project("{FAE04EC0-301F-11D3-BF4B-00C04F79EFBC}") = "Unity.XR.Management.Samples.Editor", "Unity.XR.Management.Samples.Editor.csproj", "{D8F7A116-219C-4CC3-CB56-A82052BA9203}"
EndProject
Project("{FAE04EC0-301F-11D3-BF4B-00C04F79EFBC}") = "Unity.XR.OpenXR.Features.RuntimeDebugger.Editor", "Unity.XR.OpenXR.Features.RuntimeDebugger.Editor.csproj", "{D7A3ED11-4A7B-5670-E2D6-8595517D8C2E}"
EndProject
Project("{FAE04EC0-301F-11D3-BF4B-00C04F79EFBC}") = "Unity.XR.OpenXR.Features.MetaQuestSupport.Editor", "Unity.XR.OpenXR.Features.MetaQuestSupport.Editor.csproj", "{E7D3D9A9-767B-6023-86A5-D5F8395EE284}"
EndProject
Project("{FAE04EC0-301F-11D3-BF4B-00C04F79EFBC}") = "Unity.XR.Interaction.Toolkit.Samples.Hands.Editor", "Unity.XR.Interaction.Toolkit.Samples.Hands.Editor.csproj", "{88136165-942A-C5A1-821E-C6142D149241}"
EndProject
Project("{FAE04EC0-301F-11D3-BF4B-00C04F79EFBC}") = "Unity.ShaderGraph.Utilities", "Unity.ShaderGraph.Utilities.csproj", "{ACB45162-CA95-9706-97E8-FB71EADA8FDA}"
EndProject
Project("{FAE04EC0-301F-11D3-BF4B-00C04F79EFBC}") = "Unity.VisualScripting.Shared.Editor", "Unity.VisualScripting.Shared.Editor.csproj", "{8AAD118F-606A-A9E3-1BF1-B9F15FEA5294}"
EndProject
Project("{FAE04EC0-301F-11D3-BF4B-00C04F79EFBC}") = "Unity.XR.Interaction.Toolkit.Samples.StarterAssets.Editor", "Unity.XR.Interaction.Toolkit.Samples.StarterAssets.Editor.csproj", "{0ABC3860-5913-4BE8-A809-3BAC5ED2AC76}"
EndProject
Global
	GlobalSection(SolutionConfigurationPlatforms) = preSolution
		Debug|Any CPU = Debug|Any CPU
		Release|Any CPU = Release|Any CPU
	EndGlobalSection
	GlobalSection(ProjectConfigurationPlatforms) = postSolution
		{52549549-E8BB-2316-8B01-3AC94BA32A8C}.Debug|Any CPU.ActiveCfg = Debug|Any CPU
		{52549549-E8BB-2316-8B01-3AC94BA32A8C}.Debug|Any CPU.Build.0 = Debug|Any CPU
		{52549549-E8BB-2316-8B01-3AC94BA32A8C}.Release|Any CPU.ActiveCfg = Release|Any CPU
		{52549549-E8BB-2316-8B01-3AC94BA32A8C}.Release|Any CPU.Build.0 = Release|Any CPU
		{2FC81BFA-22AC-2675-F934-BE62FBA8AB97}.Debug|Any CPU.ActiveCfg = Debug|Any CPU
		{2FC81BFA-22AC-2675-F934-BE62FBA8AB97}.Debug|Any CPU.Build.0 = Debug|Any CPU
		{2FC81BFA-22AC-2675-F934-BE62FBA8AB97}.Release|Any CPU.ActiveCfg = Release|Any CPU
		{2FC81BFA-22AC-2675-F934-BE62FBA8AB97}.Release|Any CPU.Build.0 = Release|Any CPU
		{2526A3F3-23FA-5BD4-EBD5-5408E3F43EF0}.Debug|Any CPU.ActiveCfg = Debug|Any CPU
		{2526A3F3-23FA-5BD4-EBD5-5408E3F43EF0}.Debug|Any CPU.Build.0 = Debug|Any CPU
		{2526A3F3-23FA-5BD4-EBD5-5408E3F43EF0}.Release|Any CPU.ActiveCfg = Release|Any CPU
		{2526A3F3-23FA-5BD4-EBD5-5408E3F43EF0}.Release|Any CPU.Build.0 = Release|Any CPU
		{634B5EB7-29B0-9C19-FFE4-78737CBD66B9}.Debug|Any CPU.ActiveCfg = Debug|Any CPU
		{634B5EB7-29B0-9C19-FFE4-78737CBD66B9}.Debug|Any CPU.Build.0 = Debug|Any CPU
		{634B5EB7-29B0-9C19-FFE4-78737CBD66B9}.Release|Any CPU.ActiveCfg = Release|Any CPU
		{634B5EB7-29B0-9C19-FFE4-78737CBD66B9}.Release|Any CPU.Build.0 = Release|Any CPU
		{4307FC4B-7F61-2B5A-C5BE-A37B17F27009}.Debug|Any CPU.ActiveCfg = Debug|Any CPU
		{4307FC4B-7F61-2B5A-C5BE-A37B17F27009}.Debug|Any CPU.Build.0 = Debug|Any CPU
		{4307FC4B-7F61-2B5A-C5BE-A37B17F27009}.Release|Any CPU.ActiveCfg = Release|Any CPU
		{4307FC4B-7F61-2B5A-C5BE-A37B17F27009}.Release|Any CPU.Build.0 = Release|Any CPU
		{E202A8A8-DF23-78F2-42DF-CEE5DD2293E3}.Debug|Any CPU.ActiveCfg = Debug|Any CPU
		{E202A8A8-DF23-78F2-42DF-CEE5DD2293E3}.Debug|Any CPU.Build.0 = Debug|Any CPU
		{E202A8A8-DF23-78F2-42DF-CEE5DD2293E3}.Release|Any CPU.ActiveCfg = Release|Any CPU
		{E202A8A8-DF23-78F2-42DF-CEE5DD2293E3}.Release|Any CPU.Build.0 = Release|Any CPU
		{086BC2E7-9D0F-0C2E-1769-D262A982CA11}.Debug|Any CPU.ActiveCfg = Debug|Any CPU
		{086BC2E7-9D0F-0C2E-1769-D262A982CA11}.Debug|Any CPU.Build.0 = Debug|Any CPU
		{086BC2E7-9D0F-0C2E-1769-D262A982CA11}.Release|Any CPU.ActiveCfg = Release|Any CPU
		{086BC2E7-9D0F-0C2E-1769-D262A982CA11}.Release|Any CPU.Build.0 = Release|Any CPU
		{5A618585-3167-460E-CB25-29A044662807}.Debug|Any CPU.ActiveCfg = Debug|Any CPU
		{5A618585-3167-460E-CB25-29A044662807}.Debug|Any CPU.Build.0 = Debug|Any CPU
		{5A618585-3167-460E-CB25-29A044662807}.Release|Any CPU.ActiveCfg = Release|Any CPU
		{5A618585-3167-460E-CB25-29A044662807}.Release|Any CPU.Build.0 = Release|Any CPU
		{0FBB3497-0598-BB18-97FC-E9DB26D6FC9C}.Debug|Any CPU.ActiveCfg = Debug|Any CPU
		{0FBB3497-0598-BB18-97FC-E9DB26D6FC9C}.Debug|Any CPU.Build.0 = Debug|Any CPU
		{0FBB3497-0598-BB18-97FC-E9DB26D6FC9C}.Release|Any CPU.ActiveCfg = Release|Any CPU
		{0FBB3497-0598-BB18-97FC-E9DB26D6FC9C}.Release|Any CPU.Build.0 = Release|Any CPU
		{78CFB0C7-414F-06AC-5137-98A0BE5EC79E}.Debug|Any CPU.ActiveCfg = Debug|Any CPU
		{78CFB0C7-414F-06AC-5137-98A0BE5EC79E}.Debug|Any CPU.Build.0 = Debug|Any CPU
		{78CFB0C7-414F-06AC-5137-98A0BE5EC79E}.Release|Any CPU.ActiveCfg = Release|Any CPU
		{78CFB0C7-414F-06AC-5137-98A0BE5EC79E}.Release|Any CPU.Build.0 = Release|Any CPU
		{32D6E907-9379-D9B5-88C7-7F0B56648EB8}.Debug|Any CPU.ActiveCfg = Debug|Any CPU
		{32D6E907-9379-D9B5-88C7-7F0B56648EB8}.Debug|Any CPU.Build.0 = Debug|Any CPU
		{32D6E907-9379-D9B5-88C7-7F0B56648EB8}.Release|Any CPU.ActiveCfg = Release|Any CPU
		{32D6E907-9379-D9B5-88C7-7F0B56648EB8}.Release|Any CPU.Build.0 = Release|Any CPU
		{834D4762-D6B9-DE1E-C8C9-79D7F6178631}.Debug|Any CPU.ActiveCfg = Debug|Any CPU
		{834D4762-D6B9-DE1E-C8C9-79D7F6178631}.Debug|Any CPU.Build.0 = Debug|Any CPU
		{834D4762-D6B9-DE1E-C8C9-79D7F6178631}.Release|Any CPU.ActiveCfg = Release|Any CPU
		{834D4762-D6B9-DE1E-C8C9-79D7F6178631}.Release|Any CPU.Build.0 = Release|Any CPU
		{1BFD2E89-D5AB-FE3C-7EBE-A830CFD07962}.Debug|Any CPU.ActiveCfg = Debug|Any CPU
		{1BFD2E89-D5AB-FE3C-7EBE-A830CFD07962}.Debug|Any CPU.Build.0 = Debug|Any CPU
		{1BFD2E89-D5AB-FE3C-7EBE-A830CFD07962}.Release|Any CPU.ActiveCfg = Release|Any CPU
		{1BFD2E89-D5AB-FE3C-7EBE-A830CFD07962}.Release|Any CPU.Build.0 = Release|Any CPU
		{7638F973-9718-53CD-D446-33CA91062971}.Debug|Any CPU.ActiveCfg = Debug|Any CPU
		{7638F973-9718-53CD-D446-33CA91062971}.Debug|Any CPU.Build.0 = Debug|Any CPU
		{7638F973-9718-53CD-D446-33CA91062971}.Release|Any CPU.ActiveCfg = Release|Any CPU
		{7638F973-9718-53CD-D446-33CA91062971}.Release|Any CPU.Build.0 = Release|Any CPU
		{5A421ED1-E45E-EEA9-F0CF-387A5FF4DEF6}.Debug|Any CPU.ActiveCfg = Debug|Any CPU
		{5A421ED1-E45E-EEA9-F0CF-387A5FF4DEF6}.Debug|Any CPU.Build.0 = Debug|Any CPU
		{5A421ED1-E45E-EEA9-F0CF-387A5FF4DEF6}.Release|Any CPU.ActiveCfg = Release|Any CPU
		{5A421ED1-E45E-EEA9-F0CF-387A5FF4DEF6}.Release|Any CPU.Build.0 = Release|Any CPU
		{786451B5-5736-F3B7-7C4D-351252E2C184}.Debug|Any CPU.ActiveCfg = Debug|Any CPU
		{786451B5-5736-F3B7-7C4D-351252E2C184}.Debug|Any CPU.Build.0 = Debug|Any CPU
		{786451B5-5736-F3B7-7C4D-351252E2C184}.Release|Any CPU.ActiveCfg = Release|Any CPU
		{786451B5-5736-F3B7-7C4D-351252E2C184}.Release|Any CPU.Build.0 = Release|Any CPU
		{67295663-68EF-BBAB-409E-E58A5AB3C318}.Debug|Any CPU.ActiveCfg = Debug|Any CPU
		{67295663-68EF-BBAB-409E-E58A5AB3C318}.Debug|Any CPU.Build.0 = Debug|Any CPU
		{67295663-68EF-BBAB-409E-E58A5AB3C318}.Release|Any CPU.ActiveCfg = Release|Any CPU
		{67295663-68EF-BBAB-409E-E58A5AB3C318}.Release|Any CPU.Build.0 = Release|Any CPU
		{4EAC00F8-1680-D168-1D60-0FD9142ED775}.Debug|Any CPU.ActiveCfg = Debug|Any CPU
		{4EAC00F8-1680-D168-1D60-0FD9142ED775}.Debug|Any CPU.Build.0 = Debug|Any CPU
		{4EAC00F8-1680-D168-1D60-0FD9142ED775}.Release|Any CPU.ActiveCfg = Release|Any CPU
		{4EAC00F8-1680-D168-1D60-0FD9142ED775}.Release|Any CPU.Build.0 = Release|Any CPU
		{84D13890-1F2F-537E-2971-BAD2A82C37F6}.Debug|Any CPU.ActiveCfg = Debug|Any CPU
		{84D13890-1F2F-537E-2971-BAD2A82C37F6}.Debug|Any CPU.Build.0 = Debug|Any CPU
		{84D13890-1F2F-537E-2971-BAD2A82C37F6}.Release|Any CPU.ActiveCfg = Release|Any CPU
		{84D13890-1F2F-537E-2971-BAD2A82C37F6}.Release|Any CPU.Build.0 = Release|Any CPU
		{86597472-B0D5-A992-F200-AAEFF069C870}.Debug|Any CPU.ActiveCfg = Debug|Any CPU
		{86597472-B0D5-A992-F200-AAEFF069C870}.Debug|Any CPU.Build.0 = Debug|Any CPU
		{86597472-B0D5-A992-F200-AAEFF069C870}.Release|Any CPU.ActiveCfg = Release|Any CPU
		{86597472-B0D5-A992-F200-AAEFF069C870}.Release|Any CPU.Build.0 = Release|Any CPU
		{14784670-AE57-DDE6-1C74-8F1B9701EF12}.Debug|Any CPU.ActiveCfg = Debug|Any CPU
		{14784670-AE57-DDE6-1C74-8F1B9701EF12}.Debug|Any CPU.Build.0 = Debug|Any CPU
		{14784670-AE57-DDE6-1C74-8F1B9701EF12}.Release|Any CPU.ActiveCfg = Release|Any CPU
		{14784670-AE57-DDE6-1C74-8F1B9701EF12}.Release|Any CPU.Build.0 = Release|Any CPU
		{D5EB9E92-5894-BB59-A525-18D4284FBD9C}.Debug|Any CPU.ActiveCfg = Debug|Any CPU
		{D5EB9E92-5894-BB59-A525-18D4284FBD9C}.Debug|Any CPU.Build.0 = Debug|Any CPU
		{D5EB9E92-5894-BB59-A525-18D4284FBD9C}.Release|Any CPU.ActiveCfg = Release|Any CPU
		{D5EB9E92-5894-BB59-A525-18D4284FBD9C}.Release|Any CPU.Build.0 = Release|Any CPU
		{0B30DDF8-0FF6-575D-3A97-99705892BA70}.Debug|Any CPU.ActiveCfg = Debug|Any CPU
		{0B30DDF8-0FF6-575D-3A97-99705892BA70}.Debug|Any CPU.Build.0 = Debug|Any CPU
		{0B30DDF8-0FF6-575D-3A97-99705892BA70}.Release|Any CPU.ActiveCfg = Release|Any CPU
		{0B30DDF8-0FF6-575D-3A97-99705892BA70}.Release|Any CPU.Build.0 = Release|Any CPU
		{8FE0EC4B-447C-77C0-FB26-57CA57037A1F}.Debug|Any CPU.ActiveCfg = Debug|Any CPU
		{8FE0EC4B-447C-77C0-FB26-57CA57037A1F}.Debug|Any CPU.Build.0 = Debug|Any CPU
		{8FE0EC4B-447C-77C0-FB26-57CA57037A1F}.Release|Any CPU.ActiveCfg = Release|Any CPU
		{8FE0EC4B-447C-77C0-FB26-57CA57037A1F}.Release|Any CPU.Build.0 = Release|Any CPU
		{7E274331-B3D2-5FEB-CE46-2B01D17CBD5A}.Debug|Any CPU.ActiveCfg = Debug|Any CPU
		{7E274331-B3D2-5FEB-CE46-2B01D17CBD5A}.Debug|Any CPU.Build.0 = Debug|Any CPU
		{7E274331-B3D2-5FEB-CE46-2B01D17CBD5A}.Release|Any CPU.ActiveCfg = Release|Any CPU
		{7E274331-B3D2-5FEB-CE46-2B01D17CBD5A}.Release|Any CPU.Build.0 = Release|Any CPU
		{B8E71EF4-9A1C-9ECA-8C3D-D05B885FEB5F}.Debug|Any CPU.ActiveCfg = Debug|Any CPU
		{B8E71EF4-9A1C-9ECA-8C3D-D05B885FEB5F}.Debug|Any CPU.Build.0 = Debug|Any CPU
		{B8E71EF4-9A1C-9ECA-8C3D-D05B885FEB5F}.Release|Any CPU.ActiveCfg = Release|Any CPU
		{B8E71EF4-9A1C-9ECA-8C3D-D05B885FEB5F}.Release|Any CPU.Build.0 = Release|Any CPU
		{F95B943C-54E1-B723-D328-6C033AAECC63}.Debug|Any CPU.ActiveCfg = Debug|Any CPU
		{F95B943C-54E1-B723-D328-6C033AAECC63}.Debug|Any CPU.Build.0 = Debug|Any CPU
		{F95B943C-54E1-B723-D328-6C033AAECC63}.Release|Any CPU.ActiveCfg = Release|Any CPU
		{F95B943C-54E1-B723-D328-6C033AAECC63}.Release|Any CPU.Build.0 = Release|Any CPU
		{AC850E46-340E-0749-22E3-F07CC2DE6D87}.Debug|Any CPU.ActiveCfg = Debug|Any CPU
		{AC850E46-340E-0749-22E3-F07CC2DE6D87}.Debug|Any CPU.Build.0 = Debug|Any CPU
		{AC850E46-340E-0749-22E3-F07CC2DE6D87}.Release|Any CPU.ActiveCfg = Release|Any CPU
		{AC850E46-340E-0749-22E3-F07CC2DE6D87}.Release|Any CPU.Build.0 = Release|Any CPU
		{D7462E78-1D16-9B72-9334-EDD9AA4054BD}.Debug|Any CPU.ActiveCfg = Debug|Any CPU
		{D7462E78-1D16-9B72-9334-EDD9AA4054BD}.Debug|Any CPU.Build.0 = Debug|Any CPU
		{D7462E78-1D16-9B72-9334-EDD9AA4054BD}.Release|Any CPU.ActiveCfg = Release|Any CPU
		{D7462E78-1D16-9B72-9334-EDD9AA4054BD}.Release|Any CPU.Build.0 = Release|Any CPU
		{DACA22EB-2879-DC7D-1B75-D8901C7538C9}.Debug|Any CPU.ActiveCfg = Debug|Any CPU
		{DACA22EB-2879-DC7D-1B75-D8901C7538C9}.Debug|Any CPU.Build.0 = Debug|Any CPU
		{DACA22EB-2879-DC7D-1B75-D8901C7538C9}.Release|Any CPU.ActiveCfg = Release|Any CPU
		{DACA22EB-2879-DC7D-1B75-D8901C7538C9}.Release|Any CPU.Build.0 = Release|Any CPU
		{A65B374D-F192-6CEC-24A7-D05D570F0B36}.Debug|Any CPU.ActiveCfg = Debug|Any CPU
		{A65B374D-F192-6CEC-24A7-D05D570F0B36}.Debug|Any CPU.Build.0 = Debug|Any CPU
		{A65B374D-F192-6CEC-24A7-D05D570F0B36}.Release|Any CPU.ActiveCfg = Release|Any CPU
		{A65B374D-F192-6CEC-24A7-D05D570F0B36}.Release|Any CPU.Build.0 = Release|Any CPU
		{37FE4746-4DB5-29E0-0B60-5B6E5ADAC1E3}.Debug|Any CPU.ActiveCfg = Debug|Any CPU
		{37FE4746-4DB5-29E0-0B60-5B6E5ADAC1E3}.Debug|Any CPU.Build.0 = Debug|Any CPU
		{37FE4746-4DB5-29E0-0B60-5B6E5ADAC1E3}.Release|Any CPU.ActiveCfg = Release|Any CPU
		{37FE4746-4DB5-29E0-0B60-5B6E5ADAC1E3}.Release|Any CPU.Build.0 = Release|Any CPU
		{DAE321E2-DD41-EAE8-DE69-0AC00F8422FC}.Debug|Any CPU.ActiveCfg = Debug|Any CPU
		{DAE321E2-DD41-EAE8-DE69-0AC00F8422FC}.Debug|Any CPU.Build.0 = Debug|Any CPU
		{DAE321E2-DD41-EAE8-DE69-0AC00F8422FC}.Release|Any CPU.ActiveCfg = Release|Any CPU
		{DAE321E2-DD41-EAE8-DE69-0AC00F8422FC}.Release|Any CPU.Build.0 = Release|Any CPU
		{1AAE7D29-F006-F593-F54C-3F229065F176}.Debug|Any CPU.ActiveCfg = Debug|Any CPU
		{1AAE7D29-F006-F593-F54C-3F229065F176}.Debug|Any CPU.Build.0 = Debug|Any CPU
		{1AAE7D29-F006-F593-F54C-3F229065F176}.Release|Any CPU.ActiveCfg = Release|Any CPU
		{1AAE7D29-F006-F593-F54C-3F229065F176}.Release|Any CPU.Build.0 = Release|Any CPU
		{B0177373-DFD5-2DC5-922D-702C6CB12606}.Debug|Any CPU.ActiveCfg = Debug|Any CPU
		{B0177373-DFD5-2DC5-922D-702C6CB12606}.Debug|Any CPU.Build.0 = Debug|Any CPU
		{B0177373-DFD5-2DC5-922D-702C6CB12606}.Release|Any CPU.ActiveCfg = Release|Any CPU
		{B0177373-DFD5-2DC5-922D-702C6CB12606}.Release|Any CPU.Build.0 = Release|Any CPU
		{0ED8913B-2F41-4628-9933-2FD549A941BB}.Debug|Any CPU.ActiveCfg = Debug|Any CPU
		{0ED8913B-2F41-4628-9933-2FD549A941BB}.Debug|Any CPU.Build.0 = Debug|Any CPU
		{0ED8913B-2F41-4628-9933-2FD549A941BB}.Release|Any CPU.ActiveCfg = Release|Any CPU
		{0ED8913B-2F41-4628-9933-2FD549A941BB}.Release|Any CPU.Build.0 = Release|Any CPU
		{7553985D-B7BD-7ADE-DB89-89737F9210C2}.Debug|Any CPU.ActiveCfg = Debug|Any CPU
		{7553985D-B7BD-7ADE-DB89-89737F9210C2}.Debug|Any CPU.Build.0 = Debug|Any CPU
		{7553985D-B7BD-7ADE-DB89-89737F9210C2}.Release|Any CPU.ActiveCfg = Release|Any CPU
		{7553985D-B7BD-7ADE-DB89-89737F9210C2}.Release|Any CPU.Build.0 = Release|Any CPU
		{095BDE15-E781-850F-E19E-B455F02B2435}.Debug|Any CPU.ActiveCfg = Debug|Any CPU
		{095BDE15-E781-850F-E19E-B455F02B2435}.Debug|Any CPU.Build.0 = Debug|Any CPU
		{095BDE15-E781-850F-E19E-B455F02B2435}.Release|Any CPU.ActiveCfg = Release|Any CPU
		{095BDE15-E781-850F-E19E-B455F02B2435}.Release|Any CPU.Build.0 = Release|Any CPU
		{F7D5D9E8-B32C-2653-AB5E-88F938491C87}.Debug|Any CPU.ActiveCfg = Debug|Any CPU
		{F7D5D9E8-B32C-2653-AB5E-88F938491C87}.Debug|Any CPU.Build.0 = Debug|Any CPU
		{F7D5D9E8-B32C-2653-AB5E-88F938491C87}.Release|Any CPU.ActiveCfg = Release|Any CPU
		{F7D5D9E8-B32C-2653-AB5E-88F938491C87}.Release|Any CPU.Build.0 = Release|Any CPU
		{D7015158-61D7-0E24-646B-B439AFB05002}.Debug|Any CPU.ActiveCfg = Debug|Any CPU
		{D7015158-61D7-0E24-646B-B439AFB05002}.Debug|Any CPU.Build.0 = Debug|Any CPU
		{D7015158-61D7-0E24-646B-B439AFB05002}.Release|Any CPU.ActiveCfg = Release|Any CPU
		{D7015158-61D7-0E24-646B-B439AFB05002}.Release|Any CPU.Build.0 = Release|Any CPU
		{0EA8B4AE-E85E-CD28-9322-34A69F82BDE1}.Debug|Any CPU.ActiveCfg = Debug|Any CPU
		{0EA8B4AE-E85E-CD28-9322-34A69F82BDE1}.Debug|Any CPU.Build.0 = Debug|Any CPU
		{0EA8B4AE-E85E-CD28-9322-34A69F82BDE1}.Release|Any CPU.ActiveCfg = Release|Any CPU
		{0EA8B4AE-E85E-CD28-9322-34A69F82BDE1}.Release|Any CPU.Build.0 = Release|Any CPU
		{3E87B31C-9725-6EC0-F88A-B79265A0FD95}.Debug|Any CPU.ActiveCfg = Debug|Any CPU
		{3E87B31C-9725-6EC0-F88A-B79265A0FD95}.Debug|Any CPU.Build.0 = Debug|Any CPU
		{3E87B31C-9725-6EC0-F88A-B79265A0FD95}.Release|Any CPU.ActiveCfg = Release|Any CPU
		{3E87B31C-9725-6EC0-F88A-B79265A0FD95}.Release|Any CPU.Build.0 = Release|Any CPU
		{69D4F577-65B8-3181-F1B4-28E91CE5637E}.Debug|Any CPU.ActiveCfg = Debug|Any CPU
		{69D4F577-65B8-3181-F1B4-28E91CE5637E}.Debug|Any CPU.Build.0 = Debug|Any CPU
		{69D4F577-65B8-3181-F1B4-28E91CE5637E}.Release|Any CPU.ActiveCfg = Release|Any CPU
		{69D4F577-65B8-3181-F1B4-28E91CE5637E}.Release|Any CPU.Build.0 = Release|Any CPU
		{96F95C20-2F19-635D-6983-5713345EEB8D}.Debug|Any CPU.ActiveCfg = Debug|Any CPU
		{96F95C20-2F19-635D-6983-5713345EEB8D}.Debug|Any CPU.Build.0 = Debug|Any CPU
		{96F95C20-2F19-635D-6983-5713345EEB8D}.Release|Any CPU.ActiveCfg = Release|Any CPU
		{96F95C20-2F19-635D-6983-5713345EEB8D}.Release|Any CPU.Build.0 = Release|Any CPU
		{20FCA083-F01D-F982-78D4-CA42ABA16324}.Debug|Any CPU.ActiveCfg = Debug|Any CPU
		{20FCA083-F01D-F982-78D4-CA42ABA16324}.Debug|Any CPU.Build.0 = Debug|Any CPU
		{20FCA083-F01D-F982-78D4-CA42ABA16324}.Release|Any CPU.ActiveCfg = Release|Any CPU
		{20FCA083-F01D-F982-78D4-CA42ABA16324}.Release|Any CPU.Build.0 = Release|Any CPU
		{6E741140-1E29-07FC-FB0D-73A6BCEC338F}.Debug|Any CPU.ActiveCfg = Debug|Any CPU
		{6E741140-1E29-07FC-FB0D-73A6BCEC338F}.Debug|Any CPU.Build.0 = Debug|Any CPU
		{6E741140-1E29-07FC-FB0D-73A6BCEC338F}.Release|Any CPU.ActiveCfg = Release|Any CPU
		{6E741140-1E29-07FC-FB0D-73A6BCEC338F}.Release|Any CPU.Build.0 = Release|Any CPU
		{024B6055-13C1-41EF-AF49-D933A7BA3AF4}.Debug|Any CPU.ActiveCfg = Debug|Any CPU
		{024B6055-13C1-41EF-AF49-D933A7BA3AF4}.Debug|Any CPU.Build.0 = Debug|Any CPU
		{024B6055-13C1-41EF-AF49-D933A7BA3AF4}.Release|Any CPU.ActiveCfg = Release|Any CPU
		{024B6055-13C1-41EF-AF49-D933A7BA3AF4}.Release|Any CPU.Build.0 = Release|Any CPU
		{59BA12C6-7959-AA67-08E3-46CBCA083B1E}.Debug|Any CPU.ActiveCfg = Debug|Any CPU
		{59BA12C6-7959-AA67-08E3-46CBCA083B1E}.Debug|Any CPU.Build.0 = Debug|Any CPU
		{59BA12C6-7959-AA67-08E3-46CBCA083B1E}.Release|Any CPU.ActiveCfg = Release|Any CPU
		{59BA12C6-7959-AA67-08E3-46CBCA083B1E}.Release|Any CPU.Build.0 = Release|Any CPU
		{6762835E-4277-A378-82E0-8A41DFABBA42}.Debug|Any CPU.ActiveCfg = Debug|Any CPU
		{6762835E-4277-A378-82E0-8A41DFABBA42}.Debug|Any CPU.Build.0 = Debug|Any CPU
		{6762835E-4277-A378-82E0-8A41DFABBA42}.Release|Any CPU.ActiveCfg = Release|Any CPU
		{6762835E-4277-A378-82E0-8A41DFABBA42}.Release|Any CPU.Build.0 = Release|Any CPU
		{B94C7666-D95E-2F89-432C-DB22C1F9B64A}.Debug|Any CPU.ActiveCfg = Debug|Any CPU
		{B94C7666-D95E-2F89-432C-DB22C1F9B64A}.Debug|Any CPU.Build.0 = Debug|Any CPU
		{B94C7666-D95E-2F89-432C-DB22C1F9B64A}.Release|Any CPU.ActiveCfg = Release|Any CPU
		{B94C7666-D95E-2F89-432C-DB22C1F9B64A}.Release|Any CPU.Build.0 = Release|Any CPU
		{E2598621-FA2E-57E0-0911-918DD8ACD15F}.Debug|Any CPU.ActiveCfg = Debug|Any CPU
		{E2598621-FA2E-57E0-0911-918DD8ACD15F}.Debug|Any CPU.Build.0 = Debug|Any CPU
		{E2598621-FA2E-57E0-0911-918DD8ACD15F}.Release|Any CPU.ActiveCfg = Release|Any CPU
		{E2598621-FA2E-57E0-0911-918DD8ACD15F}.Release|Any CPU.Build.0 = Release|Any CPU
		{D36135E6-03E3-C6E1-966D-90E4663207A2}.Debug|Any CPU.ActiveCfg = Debug|Any CPU
		{D36135E6-03E3-C6E1-966D-90E4663207A2}.Debug|Any CPU.Build.0 = Debug|Any CPU
		{D36135E6-03E3-C6E1-966D-90E4663207A2}.Release|Any CPU.ActiveCfg = Release|Any CPU
		{D36135E6-03E3-C6E1-966D-90E4663207A2}.Release|Any CPU.Build.0 = Release|Any CPU
		{8426D563-480D-EA92-1AA2-16399F530385}.Debug|Any CPU.ActiveCfg = Debug|Any CPU
		{8426D563-480D-EA92-1AA2-16399F530385}.Debug|Any CPU.Build.0 = Debug|Any CPU
		{8426D563-480D-EA92-1AA2-16399F530385}.Release|Any CPU.ActiveCfg = Release|Any CPU
		{8426D563-480D-EA92-1AA2-16399F530385}.Release|Any CPU.Build.0 = Release|Any CPU
		{4D0E5DD8-A389-FDE5-3B74-C955FFDE7908}.Debug|Any CPU.ActiveCfg = Debug|Any CPU
		{4D0E5DD8-A389-FDE5-3B74-C955FFDE7908}.Debug|Any CPU.Build.0 = Debug|Any CPU
		{4D0E5DD8-A389-FDE5-3B74-C955FFDE7908}.Release|Any CPU.ActiveCfg = Release|Any CPU
		{4D0E5DD8-A389-FDE5-3B74-C955FFDE7908}.Release|Any CPU.Build.0 = Release|Any CPU
		{F3EEFD64-FDD3-8088-9D74-E9BC7F09A3AD}.Debug|Any CPU.ActiveCfg = Debug|Any CPU
		{F3EEFD64-FDD3-8088-9D74-E9BC7F09A3AD}.Debug|Any CPU.Build.0 = Debug|Any CPU
		{F3EEFD64-FDD3-8088-9D74-E9BC7F09A3AD}.Release|Any CPU.ActiveCfg = Release|Any CPU
		{F3EEFD64-FDD3-8088-9D74-E9BC7F09A3AD}.Release|Any CPU.Build.0 = Release|Any CPU
		{650F7DF1-5E62-7369-B4E5-4ACD493B87B6}.Debug|Any CPU.ActiveCfg = Debug|Any CPU
		{650F7DF1-5E62-7369-B4E5-4ACD493B87B6}.Debug|Any CPU.Build.0 = Debug|Any CPU
		{650F7DF1-5E62-7369-B4E5-4ACD493B87B6}.Release|Any CPU.ActiveCfg = Release|Any CPU
		{650F7DF1-5E62-7369-B4E5-4ACD493B87B6}.Release|Any CPU.Build.0 = Release|Any CPU
		{89FC9FDC-87B9-9610-94B8-33C2D3044253}.Debug|Any CPU.ActiveCfg = Debug|Any CPU
		{89FC9FDC-87B9-9610-94B8-33C2D3044253}.Debug|Any CPU.Build.0 = Debug|Any CPU
		{89FC9FDC-87B9-9610-94B8-33C2D3044253}.Release|Any CPU.ActiveCfg = Release|Any CPU
		{89FC9FDC-87B9-9610-94B8-33C2D3044253}.Release|Any CPU.Build.0 = Release|Any CPU
		{D8F7A116-219C-4CC3-CB56-A82052BA9203}.Debug|Any CPU.ActiveCfg = Debug|Any CPU
		{D8F7A116-219C-4CC3-CB56-A82052BA9203}.Debug|Any CPU.Build.0 = Debug|Any CPU
		{D8F7A116-219C-4CC3-CB56-A82052BA9203}.Release|Any CPU.ActiveCfg = Release|Any CPU
		{D8F7A116-219C-4CC3-CB56-A82052BA9203}.Release|Any CPU.Build.0 = Release|Any CPU
		{D7A3ED11-4A7B-5670-E2D6-8595517D8C2E}.Debug|Any CPU.ActiveCfg = Debug|Any CPU
		{D7A3ED11-4A7B-5670-E2D6-8595517D8C2E}.Debug|Any CPU.Build.0 = Debug|Any CPU
		{D7A3ED11-4A7B-5670-E2D6-8595517D8C2E}.Release|Any CPU.ActiveCfg = Release|Any CPU
		{D7A3ED11-4A7B-5670-E2D6-8595517D8C2E}.Release|Any CPU.Build.0 = Release|Any CPU
		{E7D3D9A9-767B-6023-86A5-D5F8395EE284}.Debug|Any CPU.ActiveCfg = Debug|Any CPU
		{E7D3D9A9-767B-6023-86A5-D5F8395EE284}.Debug|Any CPU.Build.0 = Debug|Any CPU
		{E7D3D9A9-767B-6023-86A5-D5F8395EE284}.Release|Any CPU.ActiveCfg = Release|Any CPU
		{E7D3D9A9-767B-6023-86A5-D5F8395EE284}.Release|Any CPU.Build.0 = Release|Any CPU
		{88136165-942A-C5A1-821E-C6142D149241}.Debug|Any CPU.ActiveCfg = Debug|Any CPU
		{88136165-942A-C5A1-821E-C6142D149241}.Debug|Any CPU.Build.0 = Debug|Any CPU
		{88136165-942A-C5A1-821E-C6142D149241}.Release|Any CPU.ActiveCfg = Release|Any CPU
		{88136165-942A-C5A1-821E-C6142D149241}.Release|Any CPU.Build.0 = Release|Any CPU
		{ACB45162-CA95-9706-97E8-FB71EADA8FDA}.Debug|Any CPU.ActiveCfg = Debug|Any CPU
		{ACB45162-CA95-9706-97E8-FB71EADA8FDA}.Debug|Any CPU.Build.0 = Debug|Any CPU
		{ACB45162-CA95-9706-97E8-FB71EADA8FDA}.Release|Any CPU.ActiveCfg = Release|Any CPU
		{ACB45162-CA95-9706-97E8-FB71EADA8FDA}.Release|Any CPU.Build.0 = Release|Any CPU
		{8AAD118F-606A-A9E3-1BF1-B9F15FEA5294}.Debug|Any CPU.ActiveCfg = Debug|Any CPU
		{8AAD118F-606A-A9E3-1BF1-B9F15FEA5294}.Debug|Any CPU.Build.0 = Debug|Any CPU
		{8AAD118F-606A-A9E3-1BF1-B9F15FEA5294}.Release|Any CPU.ActiveCfg = Release|Any CPU
		{8AAD118F-606A-A9E3-1BF1-B9F15FEA5294}.Release|Any CPU.Build.0 = Release|Any CPU
		{0ABC3860-5913-4BE8-A809-3BAC5ED2AC76}.Debug|Any CPU.ActiveCfg = Debug|Any CPU
		{0ABC3860-5913-4BE8-A809-3BAC5ED2AC76}.Debug|Any CPU.Build.0 = Debug|Any CPU
		{0ABC3860-5913-4BE8-A809-3BAC5ED2AC76}.Release|Any CPU.ActiveCfg = Release|Any CPU
		{0ABC3860-5913-4BE8-A809-3BAC5ED2AC76}.Release|Any CPU.Build.0 = Release|Any CPU
	EndGlobalSection
	GlobalSection(SolutionProperties) = preSolution
		HideSolutionNode = FALSE
	EndGlobalSection
EndGlobal
